// !$*UTF8*$!
{
	archiveVersion = 1;
	classes = {
	};
	objectVersion = 46;
	objects = {

/* Begin PBXBuildFile section */
		660F1B5D14723979006EF366 /* NewBoardPrompt.m in Sources */ = {isa = PBXBuildFile; fileRef = 660F1B5C14723979006EF366 /* NewBoardPrompt.m */; };
		668AB3E11447A0EA008E90F3 /* Security.framework in Frameworks */ = {isa = PBXBuildFile; fileRef = 668AB3E01447A0EA008E90F3 /* Security.framework */; };
		66A15426144D40D800A9031B /* Soundboard.m in Sources */ = {isa = PBXBuildFile; fileRef = 66A15425144D40D800A9031B /* Soundboard.m */; };
		66D6A9BA147350CC009BFC3D /* Facebook.m in Sources */ = {isa = PBXBuildFile; fileRef = 66D6A9A3147350CB009BFC3D /* Facebook.m */; settings = {COMPILER_FLAGS = "-fno-objc-arc"; }; };
		66D6A9BB147350CC009BFC3D /* FBDialog.bundle in Resources */ = {isa = PBXBuildFile; fileRef = 66D6A9A5147350CB009BFC3D /* FBDialog.bundle */; };
		66D6A9BC147350CC009BFC3D /* FBDialog.m in Sources */ = {isa = PBXBuildFile; fileRef = 66D6A9A7147350CC009BFC3D /* FBDialog.m */; settings = {COMPILER_FLAGS = "-fno-objc-arc"; }; };
		66D6A9BD147350CC009BFC3D /* FBLoginDialog.m in Sources */ = {isa = PBXBuildFile; fileRef = 66D6A9A9147350CC009BFC3D /* FBLoginDialog.m */; settings = {COMPILER_FLAGS = "-fno-objc-arc"; }; };
		66D6A9BE147350CC009BFC3D /* FBRequest.m in Sources */ = {isa = PBXBuildFile; fileRef = 66D6A9AB147350CC009BFC3D /* FBRequest.m */; settings = {COMPILER_FLAGS = "-fno-objc-arc"; }; };
		66D6A9C9147352E6009BFC3D /* FacebookModule.m in Sources */ = {isa = PBXBuildFile; fileRef = 66D6A9C8147352E6009BFC3D /* FacebookModule.m */; };
		66EF8184147CD35B00C4E8C7 /* DropboxSDK.framework in Frameworks */ = {isa = PBXBuildFile; fileRef = 66EF8183147CD35B00C4E8C7 /* DropboxSDK.framework */; };
		7005E481144D496100E5D6DC /* appIcon.png in Resources */ = {isa = PBXBuildFile; fileRef = 7005E480144D496100E5D6DC /* appIcon.png */; };
		7005E483144D497600E5D6DC /* Default.png in Resources */ = {isa = PBXBuildFile; fileRef = 7005E482144D497600E5D6DC /* Default.png */; };
		7005E485144D4D7C00E5D6DC /* appIcon_small.png in Resources */ = {isa = PBXBuildFile; fileRef = 7005E484144D4D7C00E5D6DC /* appIcon_small.png */; };
		7024E6E114564A0E00D6C70B /* DropBoxModule.m in Sources */ = {isa = PBXBuildFile; fileRef = 7024E6DC14564A0E00D6C70B /* DropBoxModule.m */; };
		7024E6E214564A0E00D6C70B /* SoundBoardError.m in Sources */ = {isa = PBXBuildFile; fileRef = 7024E6DE14564A0E00D6C70B /* SoundBoardError.m */; };
		7024E6E314564A0E00D6C70B /* ThemeManager.m in Sources */ = {isa = PBXBuildFile; fileRef = 7024E6E014564A0E00D6C70B /* ThemeManager.m */; };
		704DA06E1468C486001DE188 /* libGoogleAdMobAds.a in Frameworks */ = {isa = PBXBuildFile; fileRef = 704DA06D1468C486001DE188 /* libGoogleAdMobAds.a */; };
		704DA0721468C4DC001DE188 /* MessageUI.framework in Frameworks */ = {isa = PBXBuildFile; fileRef = 704DA0711468C4DC001DE188 /* MessageUI.framework */; };
		704DA0741468C4EF001DE188 /* SystemConfiguration.framework in Frameworks */ = {isa = PBXBuildFile; fileRef = 704DA0731468C4EF001DE188 /* SystemConfiguration.framework */; };
		704DA07614692752001DE188 /* MobileCoreServices.framework in Frameworks */ = {isa = PBXBuildFile; fileRef = 704DA07514692752001DE188 /* MobileCoreServices.framework */; };
		70520DE11442B5BB00B0426E /* HomeViewController.m in Sources */ = {isa = PBXBuildFile; fileRef = 70520DE01442B5BB00B0426E /* HomeViewController.m */; };
		70520DE41442B73F00B0426E /* BoardViewController.m in Sources */ = {isa = PBXBuildFile; fileRef = 70520DE31442B73F00B0426E /* BoardViewController.m */; };
		70520DF01442DEAD00B0426E /* AudioToolbox.framework in Frameworks */ = {isa = PBXBuildFile; fileRef = 70520DEF1442DEAD00B0426E /* AudioToolbox.framework */; };
		70520DF91442E6DC00B0426E /* AVFoundation.framework in Frameworks */ = {isa = PBXBuildFile; fileRef = 70520DF81442E6DB00B0426E /* AVFoundation.framework */; };
		706EBAFC144E966100E0DF91 /* EditViewController.m in Sources */ = {isa = PBXBuildFile; fileRef = 706EBAFB144E966100E0DF91 /* EditViewController.m */; };
		70834A101442B374005EA445 /* UIKit.framework in Frameworks */ = {isa = PBXBuildFile; fileRef = 70834A0F1442B374005EA445 /* UIKit.framework */; };
		70834A121442B374005EA445 /* Foundation.framework in Frameworks */ = {isa = PBXBuildFile; fileRef = 70834A111442B374005EA445 /* Foundation.framework */; };
		70834A141442B374005EA445 /* CoreGraphics.framework in Frameworks */ = {isa = PBXBuildFile; fileRef = 70834A131442B374005EA445 /* CoreGraphics.framework */; };
		70834A1A1442B374005EA445 /* InfoPlist.strings in Resources */ = {isa = PBXBuildFile; fileRef = 70834A181442B374005EA445 /* InfoPlist.strings */; };
		70834A1C1442B374005EA445 /* main.m in Sources */ = {isa = PBXBuildFile; fileRef = 70834A1B1442B374005EA445 /* main.m */; };
		70834A201442B374005EA445 /* AppDelegate.m in Sources */ = {isa = PBXBuildFile; fileRef = 70834A1F1442B374005EA445 /* AppDelegate.m */; };
		70834A281442B374005EA445 /* SenTestingKit.framework in Frameworks */ = {isa = PBXBuildFile; fileRef = 70834A271442B374005EA445 /* SenTestingKit.framework */; };
		70834A291442B374005EA445 /* UIKit.framework in Frameworks */ = {isa = PBXBuildFile; fileRef = 70834A0F1442B374005EA445 /* UIKit.framework */; };
		70834A2A1442B374005EA445 /* Foundation.framework in Frameworks */ = {isa = PBXBuildFile; fileRef = 70834A111442B374005EA445 /* Foundation.framework */; };
		70834A321442B374005EA445 /* InfoPlist.strings in Resources */ = {isa = PBXBuildFile; fileRef = 70834A301442B374005EA445 /* InfoPlist.strings */; };
		70834A351442B374005EA445 /* SoundboardTests.m in Sources */ = {isa = PBXBuildFile; fileRef = 70834A341442B374005EA445 /* SoundboardTests.m */; };
		70834A3F1442B3BB005EA445 /* Storyboard.storyboard in Resources */ = {isa = PBXBuildFile; fileRef = 70834A3E1442B3BB005EA445 /* Storyboard.storyboard */; };
		70834A411442B3F6005EA445 /* iAd.framework in Frameworks */ = {isa = PBXBuildFile; fileRef = 70834A401442B3F6005EA445 /* iAd.framework */; };
		70834A431442B3FA005EA445 /* CoreAudio.framework in Frameworks */ = {isa = PBXBuildFile; fileRef = 70834A421442B3FA005EA445 /* CoreAudio.framework */; };
		70D62AE21454D1B9007C27A0 /* EditSoundViewController.m in Sources */ = {isa = PBXBuildFile; fileRef = 70D62AE11454D1B9007C27A0 /* EditSoundViewController.m */; };
		70D62AE41454DA20007C27A0 /* EditView.xib in Resources */ = {isa = PBXBuildFile; fileRef = 70D62AE31454DA20007C27A0 /* EditView.xib */; };
/* End PBXBuildFile section */

/* Begin PBXBuildRule section */
		66D6A9CA1473765F009BFC3D /* PBXBuildRule */ = {
			isa = PBXBuildRule;
			compilerSpec = com.apple.compilers.proxy.script;
			fileType = pattern.proxy;
			isEditable = 1;
			outputFiles = (
			);
			script = "";
		};
/* End PBXBuildRule section */

/* Begin PBXContainerItemProxy section */
		70834A2B1442B374005EA445 /* PBXContainerItemProxy */ = {
			isa = PBXContainerItemProxy;
			containerPortal = 70834A021442B373005EA445 /* Project object */;
			proxyType = 1;
			remoteGlobalIDString = 70834A0A1442B374005EA445;
			remoteInfo = Soundboard;
		};
/* End PBXContainerItemProxy section */

/* Begin PBXFileReference section */
		660F1B5B14723979006EF366 /* NewBoardPrompt.h */ = {isa = PBXFileReference; fileEncoding = 4; lastKnownFileType = sourcecode.c.h; path = NewBoardPrompt.h; sourceTree = "<group>"; };
		660F1B5C14723979006EF366 /* NewBoardPrompt.m */ = {isa = PBXFileReference; fileEncoding = 4; lastKnownFileType = sourcecode.c.objc; path = NewBoardPrompt.m; sourceTree = "<group>"; };
		668AB3E01447A0EA008E90F3 /* Security.framework */ = {isa = PBXFileReference; lastKnownFileType = wrapper.framework; name = Security.framework; path = System/Library/Frameworks/Security.framework; sourceTree = SDKROOT; };
		66A15424144D40D800A9031B /* Soundboard.h */ = {isa = PBXFileReference; fileEncoding = 4; lastKnownFileType = sourcecode.c.h; path = Soundboard.h; sourceTree = "<group>"; };
		66A15425144D40D800A9031B /* Soundboard.m */ = {isa = PBXFileReference; fileEncoding = 4; lastKnownFileType = sourcecode.c.objc; path = Soundboard.m; sourceTree = "<group>"; };
		66D6A9A2147350CB009BFC3D /* Facebook.h */ = {isa = PBXFileReference; fileEncoding = 4; lastKnownFileType = sourcecode.c.h; name = Facebook.h; path = Soundboard/Facebook.h; sourceTree = "<group>"; };
		66D6A9A3147350CB009BFC3D /* Facebook.m */ = {isa = PBXFileReference; fileEncoding = 4; lastKnownFileType = sourcecode.c.objc; name = Facebook.m; path = Soundboard/Facebook.m; sourceTree = "<group>"; };
		66D6A9A4147350CB009BFC3D /* FBConnect.h */ = {isa = PBXFileReference; fileEncoding = 4; lastKnownFileType = sourcecode.c.h; name = FBConnect.h; path = Soundboard/FBConnect.h; sourceTree = "<group>"; };
		66D6A9A5147350CB009BFC3D /* FBDialog.bundle */ = {isa = PBXFileReference; lastKnownFileType = "wrapper.plug-in"; name = FBDialog.bundle; path = Soundboard/FBDialog.bundle; sourceTree = "<group>"; };
		66D6A9A6147350CC009BFC3D /* FBDialog.h */ = {isa = PBXFileReference; fileEncoding = 4; lastKnownFileType = sourcecode.c.h; name = FBDialog.h; path = Soundboard/FBDialog.h; sourceTree = "<group>"; };
		66D6A9A7147350CC009BFC3D /* FBDialog.m */ = {isa = PBXFileReference; fileEncoding = 4; lastKnownFileType = sourcecode.c.objc; name = FBDialog.m; path = Soundboard/FBDialog.m; sourceTree = "<group>"; };
		66D6A9A8147350CC009BFC3D /* FBLoginDialog.h */ = {isa = PBXFileReference; fileEncoding = 4; lastKnownFileType = sourcecode.c.h; name = FBLoginDialog.h; path = Soundboard/FBLoginDialog.h; sourceTree = "<group>"; };
		66D6A9A9147350CC009BFC3D /* FBLoginDialog.m */ = {isa = PBXFileReference; fileEncoding = 4; lastKnownFileType = sourcecode.c.objc; name = FBLoginDialog.m; path = Soundboard/FBLoginDialog.m; sourceTree = "<group>"; };
		66D6A9AA147350CC009BFC3D /* FBRequest.h */ = {isa = PBXFileReference; fileEncoding = 4; lastKnownFileType = sourcecode.c.h; name = FBRequest.h; path = Soundboard/FBRequest.h; sourceTree = "<group>"; };
		66D6A9AB147350CC009BFC3D /* FBRequest.m */ = {isa = PBXFileReference; fileEncoding = 4; lastKnownFileType = sourcecode.c.objc; name = FBRequest.m; path = Soundboard/FBRequest.m; sourceTree = "<group>"; };
		66D6A9C7147352E6009BFC3D /* FacebookModule.h */ = {isa = PBXFileReference; fileEncoding = 4; lastKnownFileType = sourcecode.c.h; path = FacebookModule.h; sourceTree = "<group>"; };
		66D6A9C8147352E6009BFC3D /* FacebookModule.m */ = {isa = PBXFileReference; fileEncoding = 4; lastKnownFileType = sourcecode.c.objc; path = FacebookModule.m; sourceTree = "<group>"; };
		66EF8183147CD35B00C4E8C7 /* DropboxSDK.framework */ = {isa = PBXFileReference; lastKnownFileType = wrapper.framework; path = DropboxSDK.framework; sourceTree = "<group>"; };
		7005E480144D496100E5D6DC /* appIcon.png */ = {isa = PBXFileReference; lastKnownFileType = image.png; path = appIcon.png; sourceTree = "<group>"; };
		7005E482144D497600E5D6DC /* Default.png */ = {isa = PBXFileReference; lastKnownFileType = image.png; path = Default.png; sourceTree = "<group>"; };
		7005E484144D4D7C00E5D6DC /* appIcon_small.png */ = {isa = PBXFileReference; lastKnownFileType = image.png; path = appIcon_small.png; sourceTree = "<group>"; };
		7024E6DB14564A0E00D6C70B /* DropBoxModule.h */ = {isa = PBXFileReference; fileEncoding = 4; lastKnownFileType = sourcecode.c.h; path = DropBoxModule.h; sourceTree = "<group>"; };
		7024E6DC14564A0E00D6C70B /* DropBoxModule.m */ = {isa = PBXFileReference; fileEncoding = 4; lastKnownFileType = sourcecode.c.objc; path = DropBoxModule.m; sourceTree = "<group>"; };
		7024E6DD14564A0E00D6C70B /* SoundBoardError.h */ = {isa = PBXFileReference; fileEncoding = 4; lastKnownFileType = sourcecode.c.h; path = SoundBoardError.h; sourceTree = "<group>"; };
		7024E6DE14564A0E00D6C70B /* SoundBoardError.m */ = {isa = PBXFileReference; fileEncoding = 4; lastKnownFileType = sourcecode.c.objc; path = SoundBoardError.m; sourceTree = "<group>"; };
		7024E6DF14564A0E00D6C70B /* ThemeManager.h */ = {isa = PBXFileReference; fileEncoding = 4; lastKnownFileType = sourcecode.c.h; path = ThemeManager.h; sourceTree = "<group>"; };
		7024E6E014564A0E00D6C70B /* ThemeManager.m */ = {isa = PBXFileReference; fileEncoding = 4; lastKnownFileType = sourcecode.c.objc; path = ThemeManager.m; sourceTree = "<group>"; };
		704DA0671468C484001DE188 /* GADBannerView.h */ = {isa = PBXFileReference; fileEncoding = 4; lastKnownFileType = sourcecode.c.h; path = GADBannerView.h; sourceTree = "<group>"; };
		704DA0681468C484001DE188 /* GADBannerViewDelegate.h */ = {isa = PBXFileReference; fileEncoding = 4; lastKnownFileType = sourcecode.c.h; path = GADBannerViewDelegate.h; sourceTree = "<group>"; };
		704DA0691468C484001DE188 /* GADInterstitial.h */ = {isa = PBXFileReference; fileEncoding = 4; lastKnownFileType = sourcecode.c.h; path = GADInterstitial.h; sourceTree = "<group>"; };
		704DA06A1468C485001DE188 /* GADInterstitialDelegate.h */ = {isa = PBXFileReference; fileEncoding = 4; lastKnownFileType = sourcecode.c.h; path = GADInterstitialDelegate.h; sourceTree = "<group>"; };
		704DA06B1468C486001DE188 /* GADRequest.h */ = {isa = PBXFileReference; fileEncoding = 4; lastKnownFileType = sourcecode.c.h; path = GADRequest.h; sourceTree = "<group>"; };
		704DA06C1468C486001DE188 /* GADRequestError.h */ = {isa = PBXFileReference; fileEncoding = 4; lastKnownFileType = sourcecode.c.h; path = GADRequestError.h; sourceTree = "<group>"; };
		704DA06D1468C486001DE188 /* libGoogleAdMobAds.a */ = {isa = PBXFileReference; lastKnownFileType = archive.ar; path = libGoogleAdMobAds.a; sourceTree = "<group>"; };
		704DA0711468C4DC001DE188 /* MessageUI.framework */ = {isa = PBXFileReference; lastKnownFileType = wrapper.framework; name = MessageUI.framework; path = System/Library/Frameworks/MessageUI.framework; sourceTree = SDKROOT; };
		704DA0731468C4EF001DE188 /* SystemConfiguration.framework */ = {isa = PBXFileReference; lastKnownFileType = wrapper.framework; name = SystemConfiguration.framework; path = System/Library/Frameworks/SystemConfiguration.framework; sourceTree = SDKROOT; };
		704DA07514692752001DE188 /* MobileCoreServices.framework */ = {isa = PBXFileReference; lastKnownFileType = wrapper.framework; name = MobileCoreServices.framework; path = System/Library/Frameworks/MobileCoreServices.framework; sourceTree = SDKROOT; };
		70520DDF1442B5BB00B0426E /* HomeViewController.h */ = {isa = PBXFileReference; fileEncoding = 4; lastKnownFileType = sourcecode.c.h; path = HomeViewController.h; sourceTree = "<group>"; };
		70520DE01442B5BB00B0426E /* HomeViewController.m */ = {isa = PBXFileReference; fileEncoding = 4; lastKnownFileType = sourcecode.c.objc; path = HomeViewController.m; sourceTree = "<group>"; };
		70520DE21442B73F00B0426E /* BoardViewController.h */ = {isa = PBXFileReference; fileEncoding = 4; lastKnownFileType = sourcecode.c.h; path = BoardViewController.h; sourceTree = "<group>"; };
		70520DE31442B73F00B0426E /* BoardViewController.m */ = {isa = PBXFileReference; fileEncoding = 4; lastKnownFileType = sourcecode.c.objc; path = BoardViewController.m; sourceTree = "<group>"; };
		70520DEF1442DEAD00B0426E /* AudioToolbox.framework */ = {isa = PBXFileReference; lastKnownFileType = wrapper.framework; name = AudioToolbox.framework; path = System/Library/Frameworks/AudioToolbox.framework; sourceTree = SDKROOT; };
		70520DF81442E6DB00B0426E /* AVFoundation.framework */ = {isa = PBXFileReference; lastKnownFileType = wrapper.framework; name = AVFoundation.framework; path = System/Library/Frameworks/AVFoundation.framework; sourceTree = SDKROOT; };
		7068B63A1476D66300E273AD /* NewBoardPrompt.h */ = {isa = PBXFileReference; fileEncoding = 4; lastKnownFileType = sourcecode.c.h; name = NewBoardPrompt.h; path = ../../../Soundboard/Soundboard/NewBoardPrompt.h; sourceTree = "<group>"; };
		7068B63B1476D66300E273AD /* NewBoardPrompt.m */ = {isa = PBXFileReference; fileEncoding = 4; lastKnownFileType = sourcecode.c.objc; name = NewBoardPrompt.m; path = ../../../Soundboard/Soundboard/NewBoardPrompt.m; sourceTree = "<group>"; };
		706EBAFA144E966100E0DF91 /* EditViewController.h */ = {isa = PBXFileReference; fileEncoding = 4; lastKnownFileType = sourcecode.c.h; path = EditViewController.h; sourceTree = "<group>"; };
		706EBAFB144E966100E0DF91 /* EditViewController.m */ = {isa = PBXFileReference; fileEncoding = 4; lastKnownFileType = sourcecode.c.objc; path = EditViewController.m; sourceTree = "<group>"; };
		707490FF149B2920005D4D88 /* FacebookModule.h */ = {isa = PBXFileReference; fileEncoding = 4; lastKnownFileType = sourcecode.c.h; path = FacebookModule.h; sourceTree = "<group>"; };
		70749100149B2921005D4D88 /* FacebookModule.m */ = {isa = PBXFileReference; fileEncoding = 4; lastKnownFileType = sourcecode.c.objc; path = FacebookModule.m; sourceTree = "<group>"; };
		70834A0B1442B374005EA445 /* Soundboard.app */ = {isa = PBXFileReference; explicitFileType = wrapper.application; includeInIndex = 0; path = Soundboard.app; sourceTree = BUILT_PRODUCTS_DIR; };
		70834A0F1442B374005EA445 /* UIKit.framework */ = {isa = PBXFileReference; lastKnownFileType = wrapper.framework; name = UIKit.framework; path = System/Library/Frameworks/UIKit.framework; sourceTree = SDKROOT; };
		70834A111442B374005EA445 /* Foundation.framework */ = {isa = PBXFileReference; lastKnownFileType = wrapper.framework; name = Foundation.framework; path = System/Library/Frameworks/Foundation.framework; sourceTree = SDKROOT; };
		70834A131442B374005EA445 /* CoreGraphics.framework */ = {isa = PBXFileReference; lastKnownFileType = wrapper.framework; name = CoreGraphics.framework; path = System/Library/Frameworks/CoreGraphics.framework; sourceTree = SDKROOT; };
		70834A171442B374005EA445 /* Soundboard-Info.plist */ = {isa = PBXFileReference; lastKnownFileType = text.plist.xml; path = "Soundboard-Info.plist"; sourceTree = "<group>"; };
		70834A191442B374005EA445 /* en */ = {isa = PBXFileReference; lastKnownFileType = text.plist.strings; name = en; path = en.lproj/InfoPlist.strings; sourceTree = "<group>"; };
		70834A1B1442B374005EA445 /* main.m */ = {isa = PBXFileReference; lastKnownFileType = sourcecode.c.objc; path = main.m; sourceTree = "<group>"; };
		70834A1D1442B374005EA445 /* Soundboard-Prefix.pch */ = {isa = PBXFileReference; lastKnownFileType = sourcecode.c.h; path = "Soundboard-Prefix.pch"; sourceTree = "<group>"; };
		70834A1E1442B374005EA445 /* AppDelegate.h */ = {isa = PBXFileReference; lastKnownFileType = sourcecode.c.h; path = AppDelegate.h; sourceTree = "<group>"; };
		70834A1F1442B374005EA445 /* AppDelegate.m */ = {isa = PBXFileReference; lastKnownFileType = sourcecode.c.objc; path = AppDelegate.m; sourceTree = "<group>"; };
		70834A261442B374005EA445 /* SoundboardTests.octest */ = {isa = PBXFileReference; explicitFileType = wrapper.cfbundle; includeInIndex = 0; path = SoundboardTests.octest; sourceTree = BUILT_PRODUCTS_DIR; };
		70834A271442B374005EA445 /* SenTestingKit.framework */ = {isa = PBXFileReference; lastKnownFileType = wrapper.framework; name = SenTestingKit.framework; path = Library/Frameworks/SenTestingKit.framework; sourceTree = DEVELOPER_DIR; };
		70834A2F1442B374005EA445 /* SoundboardTests-Info.plist */ = {isa = PBXFileReference; lastKnownFileType = text.plist.xml; path = "SoundboardTests-Info.plist"; sourceTree = "<group>"; };
		70834A311442B374005EA445 /* en */ = {isa = PBXFileReference; lastKnownFileType = text.plist.strings; name = en; path = en.lproj/InfoPlist.strings; sourceTree = "<group>"; };
		70834A331442B374005EA445 /* SoundboardTests.h */ = {isa = PBXFileReference; lastKnownFileType = sourcecode.c.h; path = SoundboardTests.h; sourceTree = "<group>"; };
		70834A341442B374005EA445 /* SoundboardTests.m */ = {isa = PBXFileReference; lastKnownFileType = sourcecode.c.objc; path = SoundboardTests.m; sourceTree = "<group>"; };
		70834A3E1442B3BB005EA445 /* Storyboard.storyboard */ = {isa = PBXFileReference; fileEncoding = 4; lastKnownFileType = file.storyboard; name = Storyboard.storyboard; path = ../Storyboard.storyboard; sourceTree = "<group>"; };
		70834A401442B3F6005EA445 /* iAd.framework */ = {isa = PBXFileReference; lastKnownFileType = wrapper.framework; name = iAd.framework; path = System/Library/Frameworks/iAd.framework; sourceTree = SDKROOT; };
		70834A421442B3FA005EA445 /* CoreAudio.framework */ = {isa = PBXFileReference; lastKnownFileType = wrapper.framework; name = CoreAudio.framework; path = System/Library/Frameworks/CoreAudio.framework; sourceTree = SDKROOT; };
		70D62AE01454D1B9007C27A0 /* EditSoundViewController.h */ = {isa = PBXFileReference; fileEncoding = 4; lastKnownFileType = sourcecode.c.h; path = EditSoundViewController.h; sourceTree = "<group>"; };
		70D62AE11454D1B9007C27A0 /* EditSoundViewController.m */ = {isa = PBXFileReference; fileEncoding = 4; lastKnownFileType = sourcecode.c.objc; path = EditSoundViewController.m; sourceTree = "<group>"; };
		70D62AE31454DA20007C27A0 /* EditView.xib */ = {isa = PBXFileReference; fileEncoding = 4; lastKnownFileType = file.xib; path = EditView.xib; sourceTree = "<group>"; };
		70D62AE71455469D007C27A0 /* LocStrings.h */ = {isa = PBXFileReference; fileEncoding = 4; lastKnownFileType = sourcecode.c.h; path = LocStrings.h; sourceTree = "<group>"; };
/* End PBXFileReference section */

/* Begin PBXFrameworksBuildPhase section */
		70834A081442B374005EA445 /* Frameworks */ = {
			isa = PBXFrameworksBuildPhase;
			buildActionMask = 2147483647;
			files = (
				704DA07614692752001DE188 /* MobileCoreServices.framework in Frameworks */,
				704DA0741468C4EF001DE188 /* SystemConfiguration.framework in Frameworks */,
				704DA0721468C4DC001DE188 /* MessageUI.framework in Frameworks */,
				668AB3E11447A0EA008E90F3 /* Security.framework in Frameworks */,
				70520DF91442E6DC00B0426E /* AVFoundation.framework in Frameworks */,
				70520DF01442DEAD00B0426E /* AudioToolbox.framework in Frameworks */,
				70834A431442B3FA005EA445 /* CoreAudio.framework in Frameworks */,
				70834A411442B3F6005EA445 /* iAd.framework in Frameworks */,
				70834A101442B374005EA445 /* UIKit.framework in Frameworks */,
				70834A121442B374005EA445 /* Foundation.framework in Frameworks */,
				70834A141442B374005EA445 /* CoreGraphics.framework in Frameworks */,
				704DA06E1468C486001DE188 /* libGoogleAdMobAds.a in Frameworks */,
				66EF8184147CD35B00C4E8C7 /* DropboxSDK.framework in Frameworks */,
			);
			runOnlyForDeploymentPostprocessing = 0;
		};
		70834A221442B374005EA445 /* Frameworks */ = {
			isa = PBXFrameworksBuildPhase;
			buildActionMask = 2147483647;
			files = (
				70834A281442B374005EA445 /* SenTestingKit.framework in Frameworks */,
				70834A291442B374005EA445 /* UIKit.framework in Frameworks */,
				70834A2A1442B374005EA445 /* Foundation.framework in Frameworks */,
			);
			runOnlyForDeploymentPostprocessing = 0;
		};
/* End PBXFrameworksBuildPhase section */

/* Begin PBXGroup section */
		66D6A9C6147350DE009BFC3D /* FacebookSDK */ = {
			isa = PBXGroup;
			children = (
				66D6A9A3147350CB009BFC3D /* Facebook.m */,
				66D6A9A2147350CB009BFC3D /* Facebook.h */,
				66D6A9A4147350CB009BFC3D /* FBConnect.h */,
				66D6A9A5147350CB009BFC3D /* FBDialog.bundle */,
				66D6A9A6147350CC009BFC3D /* FBDialog.h */,
				66D6A9A7147350CC009BFC3D /* FBDialog.m */,
				66D6A9A8147350CC009BFC3D /* FBLoginDialog.h */,
				66D6A9A9147350CC009BFC3D /* FBLoginDialog.m */,
				66D6A9AA147350CC009BFC3D /* FBRequest.h */,
				66D6A9AB147350CC009BFC3D /* FBRequest.m */,
			);
			name = FacebookSDK;
			sourceTree = "<group>";
		};
		704DA0701468C492001DE188 /* AdMobSDK */ = {
			isa = PBXGroup;
			children = (
				704DA0671468C484001DE188 /* GADBannerView.h */,
				704DA0681468C484001DE188 /* GADBannerViewDelegate.h */,
				704DA0691468C484001DE188 /* GADInterstitial.h */,
				704DA06A1468C485001DE188 /* GADInterstitialDelegate.h */,
				704DA06B1468C486001DE188 /* GADRequest.h */,
				704DA06C1468C486001DE188 /* GADRequestError.h */,
				704DA06D1468C486001DE188 /* libGoogleAdMobAds.a */,
			);
			name = AdMobSDK;
			path = Soundboard;
			sourceTree = "<group>";
		};
		70520DF51442E17A00B0426E /* Resources */ = {
			isa = PBXGroup;
			children = (
				7005E480144D496100E5D6DC /* appIcon.png */,
				7005E484144D4D7C00E5D6DC /* appIcon_small.png */,
				7005E482144D497600E5D6DC /* Default.png */,
			);
			name = Resources;
			sourceTree = "<group>";
		};
		70834A001442B373005EA445 = {
			isa = PBXGroup;
			children = (
				66D6A9C6147350DE009BFC3D /* FacebookSDK */,
				704DA0701468C492001DE188 /* AdMobSDK */,
				70834A151442B374005EA445 /* Soundboard */,
				70834A2D1442B374005EA445 /* SoundboardTests */,
				70834A0E1442B374005EA445 /* Frameworks */,
				70834A0C1442B374005EA445 /* Products */,
				70520DF51442E17A00B0426E /* Resources */,
			);
			sourceTree = "<group>";
		};
		70834A0C1442B374005EA445 /* Products */ = {
			isa = PBXGroup;
			children = (
				70834A0B1442B374005EA445 /* Soundboard.app */,
				70834A261442B374005EA445 /* SoundboardTests.octest */,
			);
			name = Products;
			sourceTree = "<group>";
		};
		70834A0E1442B374005EA445 /* Frameworks */ = {
			isa = PBXGroup;
			children = (
				66EF8183147CD35B00C4E8C7 /* DropboxSDK.framework */,
				704DA07514692752001DE188 /* MobileCoreServices.framework */,
				704DA0731468C4EF001DE188 /* SystemConfiguration.framework */,
				704DA0711468C4DC001DE188 /* MessageUI.framework */,
				668AB3E01447A0EA008E90F3 /* Security.framework */,
				70520DF81442E6DB00B0426E /* AVFoundation.framework */,
				70520DEF1442DEAD00B0426E /* AudioToolbox.framework */,
				70834A421442B3FA005EA445 /* CoreAudio.framework */,
				70834A401442B3F6005EA445 /* iAd.framework */,
				70834A0F1442B374005EA445 /* UIKit.framework */,
				70834A111442B374005EA445 /* Foundation.framework */,
				70834A131442B374005EA445 /* CoreGraphics.framework */,
				70834A271442B374005EA445 /* SenTestingKit.framework */,
			);
			name = Frameworks;
			sourceTree = "<group>";
		};
		70834A151442B374005EA445 /* Soundboard */ = {
			isa = PBXGroup;
			children = (
				70834A3E1442B3BB005EA445 /* Storyboard.storyboard */,
				70D62AE31454DA20007C27A0 /* EditView.xib */,
				70D62ADE1454D0E2007C27A0 /* View Controllers */,
				66A15424144D40D800A9031B /* Soundboard.h */,
				66D6A9C7147352E6009BFC3D /* FacebookModule.h */,
				66D6A9C8147352E6009BFC3D /* FacebookModule.m */,
				66A15425144D40D800A9031B /* Soundboard.m */,
				707490FF149B2920005D4D88 /* FacebookModule.h */,
				70749100149B2921005D4D88 /* FacebookModule.m */,
				7068B63A1476D66300E273AD /* NewBoardPrompt.h */,
				7068B63B1476D66300E273AD /* NewBoardPrompt.m */,
				70834A1E1442B374005EA445 /* AppDelegate.h */,
				70834A1F1442B374005EA445 /* AppDelegate.m */,
				660F1B5B14723979006EF366 /* NewBoardPrompt.h */,
				660F1B5C14723979006EF366 /* NewBoardPrompt.m */,
				7024E6DB14564A0E00D6C70B /* DropBoxModule.h */,
				7024E6DC14564A0E00D6C70B /* DropBoxModule.m */,
				7024E6DD14564A0E00D6C70B /* SoundBoardError.h */,
				7024E6DE14564A0E00D6C70B /* SoundBoardError.m */,
				7024E6DF14564A0E00D6C70B /* ThemeManager.h */,
				7024E6E014564A0E00D6C70B /* ThemeManager.m */,
				70834A161442B374005EA445 /* Supporting Files */,
			);
			path = Soundboard;
			sourceTree = "<group>";
		};
		70834A161442B374005EA445 /* Supporting Files */ = {
			isa = PBXGroup;
			children = (
				70834A171442B374005EA445 /* Soundboard-Info.plist */,
				70834A181442B374005EA445 /* InfoPlist.strings */,
				70834A1B1442B374005EA445 /* main.m */,
				70834A1D1442B374005EA445 /* Soundboard-Prefix.pch */,
			);
			name = "Supporting Files";
			sourceTree = "<group>";
		};
		70834A2D1442B374005EA445 /* SoundboardTests */ = {
			isa = PBXGroup;
			children = (
				70834A331442B374005EA445 /* SoundboardTests.h */,
				70834A341442B374005EA445 /* SoundboardTests.m */,
				70834A2E1442B374005EA445 /* Supporting Files */,
			);
			path = SoundboardTests;
			sourceTree = "<group>";
		};
		70834A2E1442B374005EA445 /* Supporting Files */ = {
			isa = PBXGroup;
			children = (
				70834A2F1442B374005EA445 /* SoundboardTests-Info.plist */,
				70834A301442B374005EA445 /* InfoPlist.strings */,
			);
			name = "Supporting Files";
			sourceTree = "<group>";
		};
		70D62ADE1454D0E2007C27A0 /* View Controllers */ = {
			isa = PBXGroup;
			children = (
				70D62AE01454D1B9007C27A0 /* EditSoundViewController.h */,
				70D62AE11454D1B9007C27A0 /* EditSoundViewController.m */,
				706EBAFA144E966100E0DF91 /* EditViewController.h */,
				706EBAFB144E966100E0DF91 /* EditViewController.m */,
				70520DE21442B73F00B0426E /* BoardViewController.h */,
				70520DE31442B73F00B0426E /* BoardViewController.m */,
				70520DDF1442B5BB00B0426E /* HomeViewController.h */,
				70520DE01442B5BB00B0426E /* HomeViewController.m */,
				70D62AE71455469D007C27A0 /* LocStrings.h */,
			);
			name = "View Controllers";
			sourceTree = "<group>";
		};
/* End PBXGroup section */

/* Begin PBXNativeTarget section */
		70834A0A1442B374005EA445 /* Soundboard */ = {
			isa = PBXNativeTarget;
			buildConfigurationList = 70834A381442B374005EA445 /* Build configuration list for PBXNativeTarget "Soundboard" */;
			buildPhases = (
				70834A071442B374005EA445 /* Sources */,
				70834A081442B374005EA445 /* Frameworks */,
				70834A091442B374005EA445 /* Resources */,
			);
			buildRules = (
				66D6A9CA1473765F009BFC3D /* PBXBuildRule */,
			);
			dependencies = (
			);
			name = Soundboard;
			productName = Soundboard;
			productReference = 70834A0B1442B374005EA445 /* Soundboard.app */;
			productType = "com.apple.product-type.application";
		};
		70834A251442B374005EA445 /* SoundboardTests */ = {
			isa = PBXNativeTarget;
			buildConfigurationList = 70834A3B1442B374005EA445 /* Build configuration list for PBXNativeTarget "SoundboardTests" */;
			buildPhases = (
				70834A211442B374005EA445 /* Sources */,
				70834A221442B374005EA445 /* Frameworks */,
				70834A231442B374005EA445 /* Resources */,
				70834A241442B374005EA445 /* ShellScript */,
			);
			buildRules = (
			);
			dependencies = (
				70834A2C1442B374005EA445 /* PBXTargetDependency */,
			);
			name = SoundboardTests;
			productName = SoundboardTests;
			productReference = 70834A261442B374005EA445 /* SoundboardTests.octest */;
			productType = "com.apple.product-type.bundle";
		};
/* End PBXNativeTarget section */

/* Begin PBXProject section */
		70834A021442B373005EA445 /* Project object */ = {
			isa = PBXProject;
			attributes = {
				LastUpgradeCheck = 0420;
			};
			buildConfigurationList = 70834A051442B373005EA445 /* Build configuration list for PBXProject "Soundboard" */;
			compatibilityVersion = "Xcode 3.2";
			developmentRegion = English;
			hasScannedForEncodings = 0;
			knownRegions = (
				en,
			);
			mainGroup = 70834A001442B373005EA445;
			productRefGroup = 70834A0C1442B374005EA445 /* Products */;
			projectDirPath = "";
			projectRoot = "";
			targets = (
				70834A0A1442B374005EA445 /* Soundboard */,
				70834A251442B374005EA445 /* SoundboardTests */,
			);
		};
/* End PBXProject section */

/* Begin PBXResourcesBuildPhase section */
		70834A091442B374005EA445 /* Resources */ = {
			isa = PBXResourcesBuildPhase;
			buildActionMask = 2147483647;
			files = (
				70834A1A1442B374005EA445 /* InfoPlist.strings in Resources */,
				70834A3F1442B3BB005EA445 /* Storyboard.storyboard in Resources */,
				7005E481144D496100E5D6DC /* appIcon.png in Resources */,
				7005E483144D497600E5D6DC /* Default.png in Resources */,
				7005E485144D4D7C00E5D6DC /* appIcon_small.png in Resources */,
				70D62AE41454DA20007C27A0 /* EditView.xib in Resources */,
				66D6A9BB147350CC009BFC3D /* FBDialog.bundle in Resources */,
			);
			runOnlyForDeploymentPostprocessing = 0;
		};
		70834A231442B374005EA445 /* Resources */ = {
			isa = PBXResourcesBuildPhase;
			buildActionMask = 2147483647;
			files = (
				70834A321442B374005EA445 /* InfoPlist.strings in Resources */,
			);
			runOnlyForDeploymentPostprocessing = 0;
		};
/* End PBXResourcesBuildPhase section */

/* Begin PBXShellScriptBuildPhase section */
		70834A241442B374005EA445 /* ShellScript */ = {
			isa = PBXShellScriptBuildPhase;
			buildActionMask = 2147483647;
			files = (
			);
			inputPaths = (
			);
			outputPaths = (
			);
			runOnlyForDeploymentPostprocessing = 0;
			shellPath = /bin/sh;
			shellScript = "# Run the unit tests in this test bundle.\n\"${SYSTEM_DEVELOPER_DIR}/Tools/RunUnitTests\"\n";
		};
/* End PBXShellScriptBuildPhase section */

/* Begin PBXSourcesBuildPhase section */
		70834A071442B374005EA445 /* Sources */ = {
			isa = PBXSourcesBuildPhase;
			buildActionMask = 2147483647;
			files = (
				70834A1C1442B374005EA445 /* main.m in Sources */,
				70834A201442B374005EA445 /* AppDelegate.m in Sources */,
				70520DE11442B5BB00B0426E /* HomeViewController.m in Sources */,
				70520DE41442B73F00B0426E /* BoardViewController.m in Sources */,
				66A15426144D40D800A9031B /* Soundboard.m in Sources */,
				706EBAFC144E966100E0DF91 /* EditViewController.m in Sources */,
				70D62AE21454D1B9007C27A0 /* EditSoundViewController.m in Sources */,
				7024E6E114564A0E00D6C70B /* DropBoxModule.m in Sources */,
				7024E6E214564A0E00D6C70B /* SoundBoardError.m in Sources */,
				7024E6E314564A0E00D6C70B /* ThemeManager.m in Sources */,
				660F1B5D14723979006EF366 /* NewBoardPrompt.m in Sources */,
				66D6A9BA147350CC009BFC3D /* Facebook.m in Sources */,
				66D6A9BC147350CC009BFC3D /* FBDialog.m in Sources */,
				66D6A9BD147350CC009BFC3D /* FBLoginDialog.m in Sources */,
				66D6A9BE147350CC009BFC3D /* FBRequest.m in Sources */,
				66D6A9C9147352E6009BFC3D /* FacebookModule.m in Sources */,
			);
			runOnlyForDeploymentPostprocessing = 0;
		};
		70834A211442B374005EA445 /* Sources */ = {
			isa = PBXSourcesBuildPhase;
			buildActionMask = 2147483647;
			files = (
				70834A351442B374005EA445 /* SoundboardTests.m in Sources */,
			);
			runOnlyForDeploymentPostprocessing = 0;
		};
/* End PBXSourcesBuildPhase section */

/* Begin PBXTargetDependency section */
		70834A2C1442B374005EA445 /* PBXTargetDependency */ = {
			isa = PBXTargetDependency;
			target = 70834A0A1442B374005EA445 /* Soundboard */;
			targetProxy = 70834A2B1442B374005EA445 /* PBXContainerItemProxy */;
		};
/* End PBXTargetDependency section */

/* Begin PBXVariantGroup section */
		70834A181442B374005EA445 /* InfoPlist.strings */ = {
			isa = PBXVariantGroup;
			children = (
				70834A191442B374005EA445 /* en */,
			);
			name = InfoPlist.strings;
			sourceTree = "<group>";
		};
		70834A301442B374005EA445 /* InfoPlist.strings */ = {
			isa = PBXVariantGroup;
			children = (
				70834A311442B374005EA445 /* en */,
			);
			name = InfoPlist.strings;
			sourceTree = "<group>";
		};
/* End PBXVariantGroup section */

/* Begin XCBuildConfiguration section */
		70834A361442B374005EA445 /* Debug */ = {
			isa = XCBuildConfiguration;
			buildSettings = {
				ALWAYS_SEARCH_USER_PATHS = NO;
				ARCHS = "$(ARCHS_STANDARD_32_BIT)";
				CLANG_ENABLE_OBJC_ARC = YES;
				"CODE_SIGN_IDENTITY[sdk=iphoneos*]" = "iPhone Developer";
				COPY_PHASE_STRIP = NO;
				GCC_C_LANGUAGE_STANDARD = gnu99;
				GCC_DYNAMIC_NO_PIC = NO;
				GCC_OPTIMIZATION_LEVEL = 0;
				GCC_PREPROCESSOR_DEFINITIONS = (
					"DEBUG=1",
					"$(inherited)",
				);
				GCC_SYMBOLS_PRIVATE_EXTERN = NO;
				GCC_VERSION = com.apple.compilers.llvm.clang.1_0;
				GCC_WARN_ABOUT_MISSING_PROTOTYPES = YES;
				GCC_WARN_ABOUT_RETURN_TYPE = YES;
				GCC_WARN_UNUSED_VARIABLE = YES;
				IPHONEOS_DEPLOYMENT_TARGET = 5.0;
				SDKROOT = iphoneos;
			};
			name = Debug;
		};
		70834A371442B374005EA445 /* Release */ = {
			isa = XCBuildConfiguration;
			buildSettings = {
				ALWAYS_SEARCH_USER_PATHS = NO;
				ARCHS = "$(ARCHS_STANDARD_32_BIT)";
				CLANG_ENABLE_OBJC_ARC = YES;
				"CODE_SIGN_IDENTITY[sdk=iphoneos*]" = "iPhone Developer";
				COPY_PHASE_STRIP = YES;
				GCC_C_LANGUAGE_STANDARD = gnu99;
				GCC_VERSION = com.apple.compilers.llvm.clang.1_0;
				GCC_WARN_ABOUT_MISSING_PROTOTYPES = YES;
				GCC_WARN_ABOUT_RETURN_TYPE = YES;
				GCC_WARN_UNUSED_VARIABLE = YES;
				IPHONEOS_DEPLOYMENT_TARGET = 5.0;
				OTHER_CFLAGS = "-DNS_BLOCK_ASSERTIONS=1";
				SDKROOT = iphoneos;
				VALIDATE_PRODUCT = YES;
			};
			name = Release;
		};
		70834A391442B374005EA445 /* Debug */ = {
			isa = XCBuildConfiguration;
			buildSettings = {
				FRAMEWORK_SEARCH_PATHS = (
					"$(inherited)",
					"\"$(SRCROOT)\"",
				);
				GCC_PRECOMPILE_PREFIX_HEADER = YES;
				GCC_PREFIX_HEADER = "Soundboard/Soundboard-Prefix.pch";
				INFOPLIST_FILE = "Soundboard/Soundboard-Info.plist";
				IPHONEOS_DEPLOYMENT_TARGET = 5.0;
				LIBRARY_SEARCH_PATHS = (
					"$(inherited)",
					"\"$(SRCROOT)/Soundboard\"",
				);
				PRODUCT_NAME = "$(TARGET_NAME)";
				TARGETED_DEVICE_FAMILY = 1;
				WRAPPER_EXTENSION = app;
			};
			name = Debug;
		};
		70834A3A1442B374005EA445 /* Release */ = {
			isa = XCBuildConfiguration;
			buildSettings = {
				FRAMEWORK_SEARCH_PATHS = (
					"$(inherited)",
					"\"$(SRCROOT)\"",
				);
				GCC_PRECOMPILE_PREFIX_HEADER = YES;
				GCC_PREFIX_HEADER = "Soundboard/Soundboard-Prefix.pch";
				INFOPLIST_FILE = "Soundboard/Soundboard-Info.plist";
				IPHONEOS_DEPLOYMENT_TARGET = 5.0;
				LIBRARY_SEARCH_PATHS = (
					"$(inherited)",
					"\"$(SRCROOT)/Soundboard\"",
				);
				PRODUCT_NAME = "$(TARGET_NAME)";
				TARGETED_DEVICE_FAMILY = 1;
				WRAPPER_EXTENSION = app;
			};
			name = Release;
		};
		70834A3C1442B374005EA445 /* Debug */ = {
			isa = XCBuildConfiguration;
			buildSettings = {
				BUNDLE_LOADER = "$(BUILT_PRODUCTS_DIR)/Soundboard.app/Soundboard";
				FRAMEWORK_SEARCH_PATHS = (
					"$(SDKROOT)/Developer/Library/Frameworks",
					"$(DEVELOPER_LIBRARY_DIR)/Frameworks",
				);
				GCC_PRECOMPILE_PREFIX_HEADER = YES;
				GCC_PREFIX_HEADER = "Soundboard/Soundboard-Prefix.pch";
				INFOPLIST_FILE = "SoundboardTests/SoundboardTests-Info.plist";
				PRODUCT_NAME = "$(TARGET_NAME)";
				TEST_HOST = "$(BUNDLE_LOADER)";
				WRAPPER_EXTENSION = octest;
			};
			name = Debug;
		};
		70834A3D1442B374005EA445 /* Release */ = {
			isa = XCBuildConfiguration;
			buildSettings = {
				BUNDLE_LOADER = "$(BUILT_PRODUCTS_DIR)/Soundboard.app/Soundboard";
				FRAMEWORK_SEARCH_PATHS = (
					"$(SDKROOT)/Developer/Library/Frameworks",
					"$(DEVELOPER_LIBRARY_DIR)/Frameworks",
				);
				GCC_PRECOMPILE_PREFIX_HEADER = YES;
				GCC_PREFIX_HEADER = "Soundboard/Soundboard-Prefix.pch";
				INFOPLIST_FILE = "SoundboardTests/SoundboardTests-Info.plist";
				PRODUCT_NAME = "$(TARGET_NAME)";
				TEST_HOST = "$(BUNDLE_LOADER)";
				WRAPPER_EXTENSION = octest;
			};
			name = Release;
		};
/* End XCBuildConfiguration section */

/* Begin XCConfigurationList section */
		70834A051442B373005EA445 /* Build configuration list for PBXProject "Soundboard" */ = {
			isa = XCConfigurationList;
			buildConfigurations = (
				70834A361442B374005EA445 /* Debug */,
				70834A371442B374005EA445 /* Release */,
			);
			defaultConfigurationIsVisible = 0;
			defaultConfigurationName = Release;
		};
		70834A381442B374005EA445 /* Build configuration list for PBXNativeTarget "Soundboard" */ = {
			isa = XCConfigurationList;
			buildConfigurations = (
				70834A391442B374005EA445 /* Debug */,
				70834A3A1442B374005EA445 /* Release */,
			);
			defaultConfigurationIsVisible = 0;
			defaultConfigurationName = Release;
		};
		70834A3B1442B374005EA445 /* Build configuration list for PBXNativeTarget "SoundboardTests" */ = {
			isa = XCConfigurationList;
			buildConfigurations = (
				70834A3C1442B374005EA445 /* Debug */,
				70834A3D1442B374005EA445 /* Release */,
			);
			defaultConfigurationIsVisible = 0;
			defaultConfigurationName = Release;
		};
/* End XCConfigurationList section */
	};
	rootObject = 70834A021442B373005EA445 /* Project object */;
}
