// !$*UTF8*$!
{
	archiveVersion = 1;
	classes = {
	};
	objectVersion = 46;
	objects = {

/* Begin PBXBuildFile section */
		668AB3E11447A0EA008E90F3 /* Security.framework in Frameworks */ = {isa = PBXBuildFile; fileRef = 668AB3E01447A0EA008E90F3 /* Security.framework */; };
		668AB4C21447CE11008E90F3 /* DBAccountInfo.m in Sources */ = {isa = PBXBuildFile; fileRef = 668AB46B1447CE11008E90F3 /* DBAccountInfo.m */; settings = {COMPILER_FLAGS = "-fno-objc-arc"; }; };
		668AB4C31447CE11008E90F3 /* DBCreateAccountController.m in Sources */ = {isa = PBXBuildFile; fileRef = 668AB46D1447CE11008E90F3 /* DBCreateAccountController.m */; settings = {COMPILER_FLAGS = "-fno-objc-arc"; }; };
		668AB4C41447CE11008E90F3 /* DBError.m in Sources */ = {isa = PBXBuildFile; fileRef = 668AB46F1447CE11008E90F3 /* DBError.m */; };
		668AB4C51447CE11008E90F3 /* DBLinkButton.m in Sources */ = {isa = PBXBuildFile; fileRef = 668AB4711447CE11008E90F3 /* DBLinkButton.m */; settings = {COMPILER_FLAGS = "-fno-objc-arc"; }; };
		668AB4C61447CE11008E90F3 /* DBLoadingView.m in Sources */ = {isa = PBXBuildFile; fileRef = 668AB4731447CE11008E90F3 /* DBLoadingView.m */; settings = {COMPILER_FLAGS = "-fno-objc-arc"; }; };
		668AB4C71447CE11008E90F3 /* DBLoginController.m in Sources */ = {isa = PBXBuildFile; fileRef = 668AB4751447CE11008E90F3 /* DBLoginController.m */; settings = {COMPILER_FLAGS = "-fno-objc-arc"; }; };
		668AB4C81447CE11008E90F3 /* DBMetadata.m in Sources */ = {isa = PBXBuildFile; fileRef = 668AB4771447CE11008E90F3 /* DBMetadata.m */; settings = {COMPILER_FLAGS = "-fno-objc-arc"; }; };
		668AB4C91447CE11008E90F3 /* DBQuota.m in Sources */ = {isa = PBXBuildFile; fileRef = 668AB4791447CE11008E90F3 /* DBQuota.m */; settings = {COMPILER_FLAGS = "-fno-objc-arc"; }; };
		668AB4CA1447CE11008E90F3 /* DBRequest.m in Sources */ = {isa = PBXBuildFile; fileRef = 668AB47B1447CE11008E90F3 /* DBRequest.m */; settings = {COMPILER_FLAGS = "-fno-objc-arc"; }; };
		668AB4CB1447CE11008E90F3 /* DBRestClient.m in Sources */ = {isa = PBXBuildFile; fileRef = 668AB47D1447CE11008E90F3 /* DBRestClient.m */; settings = {COMPILER_FLAGS = "-fno-objc-arc"; }; };
		668AB4CC1447CE11008E90F3 /* DBSession.m in Sources */ = {isa = PBXBuildFile; fileRef = 668AB47F1447CE11008E90F3 /* DBSession.m */; settings = {COMPILER_FLAGS = "-fno-objc-arc"; }; };
		668AB4CD1447CE11008E90F3 /* NSObject+SBJSON.m in Sources */ = {isa = PBXBuildFile; fileRef = 668AB4841447CE11008E90F3 /* NSObject+SBJSON.m */; settings = {COMPILER_FLAGS = "-fno-objc-arc"; }; };
		668AB4CE1447CE11008E90F3 /* NSString+SBJSON.m in Sources */ = {isa = PBXBuildFile; fileRef = 668AB4861447CE11008E90F3 /* NSString+SBJSON.m */; settings = {COMPILER_FLAGS = "-fno-objc-arc"; }; };
		668AB4CF1447CE11008E90F3 /* SBJSON.m in Sources */ = {isa = PBXBuildFile; fileRef = 668AB4881447CE11008E90F3 /* SBJSON.m */; settings = {COMPILER_FLAGS = "-fno-objc-arc"; }; };
		668AB4D01447CE11008E90F3 /* SBJsonBase.m in Sources */ = {isa = PBXBuildFile; fileRef = 668AB48A1447CE11008E90F3 /* SBJsonBase.m */; settings = {COMPILER_FLAGS = "-fno-objc-arc"; }; };
		668AB4D11447CE11008E90F3 /* SBJsonParser.m in Sources */ = {isa = PBXBuildFile; fileRef = 668AB48C1447CE11008E90F3 /* SBJsonParser.m */; settings = {COMPILER_FLAGS = "-fno-objc-arc"; }; };
		668AB4D21447CE11008E90F3 /* SBJsonWriter.m in Sources */ = {isa = PBXBuildFile; fileRef = 668AB48E1447CE11008E90F3 /* SBJsonWriter.m */; settings = {COMPILER_FLAGS = "-fno-objc-arc"; }; };
		668AB4D31447CE11008E90F3 /* Base64Transcoder.c in Sources */ = {isa = PBXBuildFile; fileRef = 668AB4911447CE11008E90F3 /* Base64Transcoder.c */; };
		668AB4D41447CE11008E90F3 /* MPOAuthAPI.m in Sources */ = {isa = PBXBuildFile; fileRef = 668AB4961447CE11008E90F3 /* MPOAuthAPI.m */; settings = {COMPILER_FLAGS = "-fno-objc-arc"; }; };
		668AB4D51447CE11008E90F3 /* MPOAuthAPIRequestLoader.m in Sources */ = {isa = PBXBuildFile; fileRef = 668AB4981447CE11008E90F3 /* MPOAuthAPIRequestLoader.m */; settings = {COMPILER_FLAGS = "-fno-objc-arc"; }; };
		668AB4D61447CE11008E90F3 /* MPOAuthAuthenticationMethod.m in Sources */ = {isa = PBXBuildFile; fileRef = 668AB49A1447CE11008E90F3 /* MPOAuthAuthenticationMethod.m */; settings = {COMPILER_FLAGS = "-fno-objc-arc"; }; };
		668AB4D71447CE11008E90F3 /* MPOAuthAuthenticationMethodOAuth.m in Sources */ = {isa = PBXBuildFile; fileRef = 668AB49C1447CE11008E90F3 /* MPOAuthAuthenticationMethodOAuth.m */; settings = {COMPILER_FLAGS = "-fno-objc-arc"; }; };
		668AB4D81447CE11008E90F3 /* MPOAuthConnection.m in Sources */ = {isa = PBXBuildFile; fileRef = 668AB49E1447CE11008E90F3 /* MPOAuthConnection.m */; settings = {COMPILER_FLAGS = "-fno-objc-arc"; }; };
		668AB4D91447CE11008E90F3 /* MPOAuthCredentiaIConcreteStore+KeychainAdditionsMac.m in Sources */ = {isa = PBXBuildFile; fileRef = 668AB49F1447CE11008E90F3 /* MPOAuthCredentiaIConcreteStore+KeychainAdditionsMac.m */; settings = {COMPILER_FLAGS = "-fno-objc-arc"; }; };
		668AB4DA1447CE11008E90F3 /* MPOAuthCredentialConcreteStore+KeychainAdditionsiPhone.m in Sources */ = {isa = PBXBuildFile; fileRef = 668AB4A11447CE11008E90F3 /* MPOAuthCredentialConcreteStore+KeychainAdditionsiPhone.m */; settings = {COMPILER_FLAGS = "-fno-objc-arc"; }; };
		668AB4DB1447CE11008E90F3 /* MPOAuthCredentialConcreteStore.m in Sources */ = {isa = PBXBuildFile; fileRef = 668AB4A31447CE11008E90F3 /* MPOAuthCredentialConcreteStore.m */; settings = {COMPILER_FLAGS = "-fno-objc-arc"; }; };
		668AB4DC1447CE11008E90F3 /* MPOAuthSignatureParameter.m in Sources */ = {isa = PBXBuildFile; fileRef = 668AB4A71447CE11008E90F3 /* MPOAuthSignatureParameter.m */; settings = {COMPILER_FLAGS = "-fno-objc-arc"; }; };
		668AB4DD1447CE11008E90F3 /* MPOAuthURLRequest.m in Sources */ = {isa = PBXBuildFile; fileRef = 668AB4A91447CE11008E90F3 /* MPOAuthURLRequest.m */; settings = {COMPILER_FLAGS = "-fno-objc-arc"; }; };
		668AB4DE1447CE11008E90F3 /* MPOAuthURLResponse.m in Sources */ = {isa = PBXBuildFile; fileRef = 668AB4AB1447CE11008E90F3 /* MPOAuthURLResponse.m */; settings = {COMPILER_FLAGS = "-fno-objc-arc"; }; };
		668AB4DF1447CE11008E90F3 /* MPURLRequestParameter.m in Sources */ = {isa = PBXBuildFile; fileRef = 668AB4AD1447CE11008E90F3 /* MPURLRequestParameter.m */; settings = {COMPILER_FLAGS = "-fno-objc-arc"; }; };
		668AB4E01447CE11008E90F3 /* NSString+URLEscapingAdditions.m in Sources */ = {isa = PBXBuildFile; fileRef = 668AB4AF1447CE11008E90F3 /* NSString+URLEscapingAdditions.m */; settings = {COMPILER_FLAGS = "-fno-objc-arc"; }; };
		668AB4E11447CE11008E90F3 /* NSURL+MPURLParameterAdditions.m in Sources */ = {isa = PBXBuildFile; fileRef = 668AB4B11447CE11008E90F3 /* NSURL+MPURLParameterAdditions.m */; settings = {COMPILER_FLAGS = "-fno-objc-arc"; }; };
		668AB4E21447CE11008E90F3 /* NSURLResponse+Encoding.m in Sources */ = {isa = PBXBuildFile; fileRef = 668AB4B31447CE11008E90F3 /* NSURLResponse+Encoding.m */; settings = {COMPILER_FLAGS = "-fno-objc-arc"; }; };
		668AB4E31447CE11008E90F3 /* NSString+Dropbox.m in Sources */ = {isa = PBXBuildFile; fileRef = 668AB4B51447CE11008E90F3 /* NSString+Dropbox.m */; settings = {COMPILER_FLAGS = "-fno-objc-arc"; }; };
		668AB4E41447CE11008E90F3 /* db_background.png in Resources */ = {isa = PBXBuildFile; fileRef = 668AB4B71447CE11008E90F3 /* db_background.png */; };
		668AB4E51447CE11008E90F3 /* db_create_account.png in Resources */ = {isa = PBXBuildFile; fileRef = 668AB4B81447CE11008E90F3 /* db_create_account.png */; };
		668AB4E61447CE11008E90F3 /* db_create_account@2x.png in Resources */ = {isa = PBXBuildFile; fileRef = 668AB4B91447CE11008E90F3 /* db_create_account@2x.png */; };
		668AB4E71447CE11008E90F3 /* db_create_account_button.png in Resources */ = {isa = PBXBuildFile; fileRef = 668AB4BA1447CE11008E90F3 /* db_create_account_button.png */; };
		668AB4E81447CE11008E90F3 /* db_create_account_button_down.png in Resources */ = {isa = PBXBuildFile; fileRef = 668AB4BB1447CE11008E90F3 /* db_create_account_button_down.png */; };
		668AB4E91447CE11008E90F3 /* db_link_button.png in Resources */ = {isa = PBXBuildFile; fileRef = 668AB4BC1447CE11008E90F3 /* db_link_button.png */; };
		668AB4EA1447CE11008E90F3 /* db_link_button_down.png in Resources */ = {isa = PBXBuildFile; fileRef = 668AB4BD1447CE11008E90F3 /* db_link_button_down.png */; };
		668AB4EB1447CE11008E90F3 /* db_link_header.png in Resources */ = {isa = PBXBuildFile; fileRef = 668AB4BE1447CE11008E90F3 /* db_link_header.png */; };
		668AB4EC1447CE11008E90F3 /* db_link_header@2x.png in Resources */ = {isa = PBXBuildFile; fileRef = 668AB4BF1447CE11008E90F3 /* db_link_header@2x.png */; };
		668AB4ED1447CE11008E90F3 /* db_logo.png in Resources */ = {isa = PBXBuildFile; fileRef = 668AB4C01447CE11008E90F3 /* db_logo.png */; };
		668AB4EE1447CE11008E90F3 /* db_logo@2x.png in Resources */ = {isa = PBXBuildFile; fileRef = 668AB4C11447CE11008E90F3 /* db_logo@2x.png */; };
		66A15426144D40D800A9031B /* Soundboard.m in Sources */ = {isa = PBXBuildFile; fileRef = 66A15425144D40D800A9031B /* Soundboard.m */; };
		7005E470144D453E00E5D6DC /* debug_0.png in Resources */ = {isa = PBXBuildFile; fileRef = 7005E460144D453E00E5D6DC /* debug_0.png */; };
		7005E471144D453E00E5D6DC /* debug_1.m4a in Resources */ = {isa = PBXBuildFile; fileRef = 7005E461144D453E00E5D6DC /* debug_1.m4a */; };
		7005E472144D453E00E5D6DC /* debug_1.png in Resources */ = {isa = PBXBuildFile; fileRef = 7005E462144D453E00E5D6DC /* debug_1.png */; };
		7005E473144D453E00E5D6DC /* debug_2.caf in Resources */ = {isa = PBXBuildFile; fileRef = 7005E463144D453E00E5D6DC /* debug_2.caf */; };
		7005E474144D453E00E5D6DC /* debug_2.png in Resources */ = {isa = PBXBuildFile; fileRef = 7005E464144D453E00E5D6DC /* debug_2.png */; };
		7005E475144D453E00E5D6DC /* debug_3.png in Resources */ = {isa = PBXBuildFile; fileRef = 7005E465144D453E00E5D6DC /* debug_3.png */; };
		7005E476144D453E00E5D6DC /* debug_3.wav in Resources */ = {isa = PBXBuildFile; fileRef = 7005E466144D453E00E5D6DC /* debug_3.wav */; };
		7005E477144D453E00E5D6DC /* debug_4.png in Resources */ = {isa = PBXBuildFile; fileRef = 7005E467144D453E00E5D6DC /* debug_4.png */; };
		7005E478144D453E00E5D6DC /* debug_4.wav in Resources */ = {isa = PBXBuildFile; fileRef = 7005E468144D453E00E5D6DC /* debug_4.wav */; };
		7005E479144D453E00E5D6DC /* debug_5.png in Resources */ = {isa = PBXBuildFile; fileRef = 7005E469144D453E00E5D6DC /* debug_5.png */; };
		7005E47A144D453E00E5D6DC /* debug_5.wav in Resources */ = {isa = PBXBuildFile; fileRef = 7005E46A144D453E00E5D6DC /* debug_5.wav */; };
		7005E47B144D453E00E5D6DC /* debug_6.png in Resources */ = {isa = PBXBuildFile; fileRef = 7005E46B144D453E00E5D6DC /* debug_6.png */; };
		7005E47C144D453E00E5D6DC /* debug_6.wav in Resources */ = {isa = PBXBuildFile; fileRef = 7005E46C144D453E00E5D6DC /* debug_6.wav */; };
		7005E47D144D453E00E5D6DC /* debug_7.png in Resources */ = {isa = PBXBuildFile; fileRef = 7005E46D144D453E00E5D6DC /* debug_7.png */; };
		7005E47E144D453E00E5D6DC /* debug_7.wav in Resources */ = {isa = PBXBuildFile; fileRef = 7005E46E144D453E00E5D6DC /* debug_7.wav */; };
		7005E47F144D453E00E5D6DC /* debug_8.png in Resources */ = {isa = PBXBuildFile; fileRef = 7005E46F144D453E00E5D6DC /* debug_8.png */; };
		7005E481144D496100E5D6DC /* appIcon.png in Resources */ = {isa = PBXBuildFile; fileRef = 7005E480144D496100E5D6DC /* appIcon.png */; };
		7005E483144D497600E5D6DC /* Default.png in Resources */ = {isa = PBXBuildFile; fileRef = 7005E482144D497600E5D6DC /* Default.png */; };
		7005E485144D4D7C00E5D6DC /* appIcon_small.png in Resources */ = {isa = PBXBuildFile; fileRef = 7005E484144D4D7C00E5D6DC /* appIcon_small.png */; };
		70520DE11442B5BB00B0426E /* HomeViewController.m in Sources */ = {isa = PBXBuildFile; fileRef = 70520DE01442B5BB00B0426E /* HomeViewController.m */; };
		70520DE41442B73F00B0426E /* BoardViewController.m in Sources */ = {isa = PBXBuildFile; fileRef = 70520DE31442B73F00B0426E /* BoardViewController.m */; };
		70520DF01442DEAD00B0426E /* AudioToolbox.framework in Frameworks */ = {isa = PBXBuildFile; fileRef = 70520DEF1442DEAD00B0426E /* AudioToolbox.framework */; };
		70520DF91442E6DC00B0426E /* AVFoundation.framework in Frameworks */ = {isa = PBXBuildFile; fileRef = 70520DF81442E6DB00B0426E /* AVFoundation.framework */; };
		70834A101442B374005EA445 /* UIKit.framework in Frameworks */ = {isa = PBXBuildFile; fileRef = 70834A0F1442B374005EA445 /* UIKit.framework */; };
		70834A121442B374005EA445 /* Foundation.framework in Frameworks */ = {isa = PBXBuildFile; fileRef = 70834A111442B374005EA445 /* Foundation.framework */; };
		70834A141442B374005EA445 /* CoreGraphics.framework in Frameworks */ = {isa = PBXBuildFile; fileRef = 70834A131442B374005EA445 /* CoreGraphics.framework */; };
		70834A1A1442B374005EA445 /* InfoPlist.strings in Resources */ = {isa = PBXBuildFile; fileRef = 70834A181442B374005EA445 /* InfoPlist.strings */; };
		70834A1C1442B374005EA445 /* main.m in Sources */ = {isa = PBXBuildFile; fileRef = 70834A1B1442B374005EA445 /* main.m */; };
		70834A201442B374005EA445 /* AppDelegate.m in Sources */ = {isa = PBXBuildFile; fileRef = 70834A1F1442B374005EA445 /* AppDelegate.m */; };
		70834A281442B374005EA445 /* SenTestingKit.framework in Frameworks */ = {isa = PBXBuildFile; fileRef = 70834A271442B374005EA445 /* SenTestingKit.framework */; };
		70834A291442B374005EA445 /* UIKit.framework in Frameworks */ = {isa = PBXBuildFile; fileRef = 70834A0F1442B374005EA445 /* UIKit.framework */; };
		70834A2A1442B374005EA445 /* Foundation.framework in Frameworks */ = {isa = PBXBuildFile; fileRef = 70834A111442B374005EA445 /* Foundation.framework */; };
		70834A321442B374005EA445 /* InfoPlist.strings in Resources */ = {isa = PBXBuildFile; fileRef = 70834A301442B374005EA445 /* InfoPlist.strings */; };
		70834A351442B374005EA445 /* SoundboardTests.m in Sources */ = {isa = PBXBuildFile; fileRef = 70834A341442B374005EA445 /* SoundboardTests.m */; };
		70834A3F1442B3BB005EA445 /* Storyboard.storyboard in Resources */ = {isa = PBXBuildFile; fileRef = 70834A3E1442B3BB005EA445 /* Storyboard.storyboard */; };
		70834A411442B3F6005EA445 /* iAd.framework in Frameworks */ = {isa = PBXBuildFile; fileRef = 70834A401442B3F6005EA445 /* iAd.framework */; };
		70834A431442B3FA005EA445 /* CoreAudio.framework in Frameworks */ = {isa = PBXBuildFile; fileRef = 70834A421442B3FA005EA445 /* CoreAudio.framework */; };
/* End PBXBuildFile section */

/* Begin PBXContainerItemProxy section */
		70834A2B1442B374005EA445 /* PBXContainerItemProxy */ = {
			isa = PBXContainerItemProxy;
			containerPortal = 70834A021442B373005EA445 /* Project object */;
			proxyType = 1;
			remoteGlobalIDString = 70834A0A1442B374005EA445;
			remoteInfo = Soundboard;
		};
/* End PBXContainerItemProxy section */

/* Begin PBXFileReference section */
		668AB3E01447A0EA008E90F3 /* Security.framework */ = {isa = PBXFileReference; lastKnownFileType = wrapper.framework; name = Security.framework; path = System/Library/Frameworks/Security.framework; sourceTree = SDKROOT; };
		668AB46A1447CE11008E90F3 /* DBAccountInfo.h */ = {isa = PBXFileReference; fileEncoding = 4; lastKnownFileType = sourcecode.c.h; path = DBAccountInfo.h; sourceTree = "<group>"; };
		668AB46B1447CE11008E90F3 /* DBAccountInfo.m */ = {isa = PBXFileReference; fileEncoding = 4; lastKnownFileType = sourcecode.c.objc; path = DBAccountInfo.m; sourceTree = "<group>"; };
		668AB46C1447CE11008E90F3 /* DBCreateAccountController.h */ = {isa = PBXFileReference; fileEncoding = 4; lastKnownFileType = sourcecode.c.h; path = DBCreateAccountController.h; sourceTree = "<group>"; };
		668AB46D1447CE11008E90F3 /* DBCreateAccountController.m */ = {isa = PBXFileReference; fileEncoding = 4; lastKnownFileType = sourcecode.c.objc; path = DBCreateAccountController.m; sourceTree = "<group>"; };
		668AB46E1447CE11008E90F3 /* DBError.h */ = {isa = PBXFileReference; fileEncoding = 4; lastKnownFileType = sourcecode.c.h; path = DBError.h; sourceTree = "<group>"; };
		668AB46F1447CE11008E90F3 /* DBError.m */ = {isa = PBXFileReference; fileEncoding = 4; lastKnownFileType = sourcecode.c.objc; path = DBError.m; sourceTree = "<group>"; };
		668AB4701447CE11008E90F3 /* DBLinkButton.h */ = {isa = PBXFileReference; fileEncoding = 4; lastKnownFileType = sourcecode.c.h; path = DBLinkButton.h; sourceTree = "<group>"; };
		668AB4711447CE11008E90F3 /* DBLinkButton.m */ = {isa = PBXFileReference; fileEncoding = 4; lastKnownFileType = sourcecode.c.objc; path = DBLinkButton.m; sourceTree = "<group>"; };
		668AB4721447CE11008E90F3 /* DBLoadingView.h */ = {isa = PBXFileReference; fileEncoding = 4; lastKnownFileType = sourcecode.c.h; path = DBLoadingView.h; sourceTree = "<group>"; };
		668AB4731447CE11008E90F3 /* DBLoadingView.m */ = {isa = PBXFileReference; fileEncoding = 4; lastKnownFileType = sourcecode.c.objc; path = DBLoadingView.m; sourceTree = "<group>"; };
		668AB4741447CE11008E90F3 /* DBLoginController.h */ = {isa = PBXFileReference; fileEncoding = 4; lastKnownFileType = sourcecode.c.h; path = DBLoginController.h; sourceTree = "<group>"; };
		668AB4751447CE11008E90F3 /* DBLoginController.m */ = {isa = PBXFileReference; fileEncoding = 4; lastKnownFileType = sourcecode.c.objc; path = DBLoginController.m; sourceTree = "<group>"; };
		668AB4761447CE11008E90F3 /* DBMetadata.h */ = {isa = PBXFileReference; fileEncoding = 4; lastKnownFileType = sourcecode.c.h; path = DBMetadata.h; sourceTree = "<group>"; };
		668AB4771447CE11008E90F3 /* DBMetadata.m */ = {isa = PBXFileReference; fileEncoding = 4; lastKnownFileType = sourcecode.c.objc; path = DBMetadata.m; sourceTree = "<group>"; };
		668AB4781447CE11008E90F3 /* DBQuota.h */ = {isa = PBXFileReference; fileEncoding = 4; lastKnownFileType = sourcecode.c.h; path = DBQuota.h; sourceTree = "<group>"; };
		668AB4791447CE11008E90F3 /* DBQuota.m */ = {isa = PBXFileReference; fileEncoding = 4; lastKnownFileType = sourcecode.c.objc; path = DBQuota.m; sourceTree = "<group>"; };
		668AB47A1447CE11008E90F3 /* DBRequest.h */ = {isa = PBXFileReference; fileEncoding = 4; lastKnownFileType = sourcecode.c.h; path = DBRequest.h; sourceTree = "<group>"; };
		668AB47B1447CE11008E90F3 /* DBRequest.m */ = {isa = PBXFileReference; fileEncoding = 4; lastKnownFileType = sourcecode.c.objc; path = DBRequest.m; sourceTree = "<group>"; };
		668AB47C1447CE11008E90F3 /* DBRestClient.h */ = {isa = PBXFileReference; fileEncoding = 4; lastKnownFileType = sourcecode.c.h; path = DBRestClient.h; sourceTree = "<group>"; };
		668AB47D1447CE11008E90F3 /* DBRestClient.m */ = {isa = PBXFileReference; fileEncoding = 4; lastKnownFileType = sourcecode.c.objc; path = DBRestClient.m; sourceTree = "<group>"; };
		668AB47E1447CE11008E90F3 /* DBSession.h */ = {isa = PBXFileReference; fileEncoding = 4; lastKnownFileType = sourcecode.c.h; path = DBSession.h; sourceTree = "<group>"; };
		668AB47F1447CE11008E90F3 /* DBSession.m */ = {isa = PBXFileReference; fileEncoding = 4; lastKnownFileType = sourcecode.c.objc; path = DBSession.m; sourceTree = "<group>"; };
		668AB4801447CE11008E90F3 /* DropboxSDK.h */ = {isa = PBXFileReference; fileEncoding = 4; lastKnownFileType = sourcecode.c.h; path = DropboxSDK.h; sourceTree = "<group>"; };
		668AB4821447CE11008E90F3 /* JSON.h */ = {isa = PBXFileReference; fileEncoding = 4; lastKnownFileType = sourcecode.c.h; path = JSON.h; sourceTree = "<group>"; };
		668AB4831447CE11008E90F3 /* NSObject+SBJSON.h */ = {isa = PBXFileReference; fileEncoding = 4; lastKnownFileType = sourcecode.c.h; path = "NSObject+SBJSON.h"; sourceTree = "<group>"; };
		668AB4841447CE11008E90F3 /* NSObject+SBJSON.m */ = {isa = PBXFileReference; fileEncoding = 4; lastKnownFileType = sourcecode.c.objc; path = "NSObject+SBJSON.m"; sourceTree = "<group>"; };
		668AB4851447CE11008E90F3 /* NSString+SBJSON.h */ = {isa = PBXFileReference; fileEncoding = 4; lastKnownFileType = sourcecode.c.h; path = "NSString+SBJSON.h"; sourceTree = "<group>"; };
		668AB4861447CE11008E90F3 /* NSString+SBJSON.m */ = {isa = PBXFileReference; fileEncoding = 4; lastKnownFileType = sourcecode.c.objc; path = "NSString+SBJSON.m"; sourceTree = "<group>"; };
		668AB4871447CE11008E90F3 /* SBJSON.h */ = {isa = PBXFileReference; fileEncoding = 4; lastKnownFileType = sourcecode.c.h; path = SBJSON.h; sourceTree = "<group>"; };
		668AB4881447CE11008E90F3 /* SBJSON.m */ = {isa = PBXFileReference; fileEncoding = 4; lastKnownFileType = sourcecode.c.objc; path = SBJSON.m; sourceTree = "<group>"; };
		668AB4891447CE11008E90F3 /* SBJsonBase.h */ = {isa = PBXFileReference; fileEncoding = 4; lastKnownFileType = sourcecode.c.h; path = SBJsonBase.h; sourceTree = "<group>"; };
		668AB48A1447CE11008E90F3 /* SBJsonBase.m */ = {isa = PBXFileReference; fileEncoding = 4; lastKnownFileType = sourcecode.c.objc; path = SBJsonBase.m; sourceTree = "<group>"; };
		668AB48B1447CE11008E90F3 /* SBJsonParser.h */ = {isa = PBXFileReference; fileEncoding = 4; lastKnownFileType = sourcecode.c.h; path = SBJsonParser.h; sourceTree = "<group>"; };
		668AB48C1447CE11008E90F3 /* SBJsonParser.m */ = {isa = PBXFileReference; fileEncoding = 4; lastKnownFileType = sourcecode.c.objc; path = SBJsonParser.m; sourceTree = "<group>"; };
		668AB48D1447CE11008E90F3 /* SBJsonWriter.h */ = {isa = PBXFileReference; fileEncoding = 4; lastKnownFileType = sourcecode.c.h; path = SBJsonWriter.h; sourceTree = "<group>"; };
		668AB48E1447CE11008E90F3 /* SBJsonWriter.m */ = {isa = PBXFileReference; fileEncoding = 4; lastKnownFileType = sourcecode.c.objc; path = SBJsonWriter.m; sourceTree = "<group>"; };
		668AB4911447CE11008E90F3 /* Base64Transcoder.c */ = {isa = PBXFileReference; fileEncoding = 4; lastKnownFileType = sourcecode.c.c; path = Base64Transcoder.c; sourceTree = "<group>"; };
		668AB4921447CE11008E90F3 /* Base64Transcoder.h */ = {isa = PBXFileReference; fileEncoding = 4; lastKnownFileType = sourcecode.c.h; path = Base64Transcoder.h; sourceTree = "<group>"; };
		668AB4931447CE11008E90F3 /* MPDebug.h */ = {isa = PBXFileReference; fileEncoding = 4; lastKnownFileType = sourcecode.c.h; path = MPDebug.h; sourceTree = "<group>"; };
		668AB4941447CE11008E90F3 /* MPOAuth.h */ = {isa = PBXFileReference; fileEncoding = 4; lastKnownFileType = sourcecode.c.h; path = MPOAuth.h; sourceTree = "<group>"; };
		668AB4951447CE11008E90F3 /* MPOAuthAPI.h */ = {isa = PBXFileReference; fileEncoding = 4; lastKnownFileType = sourcecode.c.h; path = MPOAuthAPI.h; sourceTree = "<group>"; };
		668AB4961447CE11008E90F3 /* MPOAuthAPI.m */ = {isa = PBXFileReference; fileEncoding = 4; lastKnownFileType = sourcecode.c.objc; path = MPOAuthAPI.m; sourceTree = "<group>"; };
		668AB4971447CE11008E90F3 /* MPOAuthAPIRequestLoader.h */ = {isa = PBXFileReference; fileEncoding = 4; lastKnownFileType = sourcecode.c.h; path = MPOAuthAPIRequestLoader.h; sourceTree = "<group>"; };
		668AB4981447CE11008E90F3 /* MPOAuthAPIRequestLoader.m */ = {isa = PBXFileReference; fileEncoding = 4; lastKnownFileType = sourcecode.c.objc; path = MPOAuthAPIRequestLoader.m; sourceTree = "<group>"; };
		668AB4991447CE11008E90F3 /* MPOAuthAuthenticationMethod.h */ = {isa = PBXFileReference; fileEncoding = 4; lastKnownFileType = sourcecode.c.h; path = MPOAuthAuthenticationMethod.h; sourceTree = "<group>"; };
		668AB49A1447CE11008E90F3 /* MPOAuthAuthenticationMethod.m */ = {isa = PBXFileReference; fileEncoding = 4; lastKnownFileType = sourcecode.c.objc; path = MPOAuthAuthenticationMethod.m; sourceTree = "<group>"; };
		668AB49B1447CE11008E90F3 /* MPOAuthAuthenticationMethodOAuth.h */ = {isa = PBXFileReference; fileEncoding = 4; lastKnownFileType = sourcecode.c.h; path = MPOAuthAuthenticationMethodOAuth.h; sourceTree = "<group>"; };
		668AB49C1447CE11008E90F3 /* MPOAuthAuthenticationMethodOAuth.m */ = {isa = PBXFileReference; fileEncoding = 4; lastKnownFileType = sourcecode.c.objc; path = MPOAuthAuthenticationMethodOAuth.m; sourceTree = "<group>"; };
		668AB49D1447CE11008E90F3 /* MPOAuthConnection.h */ = {isa = PBXFileReference; fileEncoding = 4; lastKnownFileType = sourcecode.c.h; path = MPOAuthConnection.h; sourceTree = "<group>"; };
		668AB49E1447CE11008E90F3 /* MPOAuthConnection.m */ = {isa = PBXFileReference; fileEncoding = 4; lastKnownFileType = sourcecode.c.objc; path = MPOAuthConnection.m; sourceTree = "<group>"; };
		668AB49F1447CE11008E90F3 /* MPOAuthCredentiaIConcreteStore+KeychainAdditionsMac.m */ = {isa = PBXFileReference; fileEncoding = 4; lastKnownFileType = sourcecode.c.objc; path = "MPOAuthCredentiaIConcreteStore+KeychainAdditionsMac.m"; sourceTree = "<group>"; };
		668AB4A01447CE11008E90F3 /* MPOAuthCredentialConcreteStore+KeychainAdditions.h */ = {isa = PBXFileReference; fileEncoding = 4; lastKnownFileType = sourcecode.c.h; path = "MPOAuthCredentialConcreteStore+KeychainAdditions.h"; sourceTree = "<group>"; };
		668AB4A11447CE11008E90F3 /* MPOAuthCredentialConcreteStore+KeychainAdditionsiPhone.m */ = {isa = PBXFileReference; fileEncoding = 4; lastKnownFileType = sourcecode.c.objc; path = "MPOAuthCredentialConcreteStore+KeychainAdditionsiPhone.m"; sourceTree = "<group>"; };
		668AB4A21447CE11008E90F3 /* MPOAuthCredentialConcreteStore.h */ = {isa = PBXFileReference; fileEncoding = 4; lastKnownFileType = sourcecode.c.h; path = MPOAuthCredentialConcreteStore.h; sourceTree = "<group>"; };
		668AB4A31447CE11008E90F3 /* MPOAuthCredentialConcreteStore.m */ = {isa = PBXFileReference; fileEncoding = 4; lastKnownFileType = sourcecode.c.objc; path = MPOAuthCredentialConcreteStore.m; sourceTree = "<group>"; };
		668AB4A41447CE11008E90F3 /* MPOAuthCredentialStore.h */ = {isa = PBXFileReference; fileEncoding = 4; lastKnownFileType = sourcecode.c.h; path = MPOAuthCredentialStore.h; sourceTree = "<group>"; };
		668AB4A51447CE11008E90F3 /* MPOAuthParameterFactory.h */ = {isa = PBXFileReference; fileEncoding = 4; lastKnownFileType = sourcecode.c.h; path = MPOAuthParameterFactory.h; sourceTree = "<group>"; };
		668AB4A61447CE11008E90F3 /* MPOAuthSignatureParameter.h */ = {isa = PBXFileReference; fileEncoding = 4; lastKnownFileType = sourcecode.c.h; path = MPOAuthSignatureParameter.h; sourceTree = "<group>"; };
		668AB4A71447CE11008E90F3 /* MPOAuthSignatureParameter.m */ = {isa = PBXFileReference; fileEncoding = 4; lastKnownFileType = sourcecode.c.objc; path = MPOAuthSignatureParameter.m; sourceTree = "<group>"; };
		668AB4A81447CE11008E90F3 /* MPOAuthURLRequest.h */ = {isa = PBXFileReference; fileEncoding = 4; lastKnownFileType = sourcecode.c.h; path = MPOAuthURLRequest.h; sourceTree = "<group>"; };
		668AB4A91447CE11008E90F3 /* MPOAuthURLRequest.m */ = {isa = PBXFileReference; fileEncoding = 4; lastKnownFileType = sourcecode.c.objc; path = MPOAuthURLRequest.m; sourceTree = "<group>"; };
		668AB4AA1447CE11008E90F3 /* MPOAuthURLResponse.h */ = {isa = PBXFileReference; fileEncoding = 4; lastKnownFileType = sourcecode.c.h; path = MPOAuthURLResponse.h; sourceTree = "<group>"; };
		668AB4AB1447CE11008E90F3 /* MPOAuthURLResponse.m */ = {isa = PBXFileReference; fileEncoding = 4; lastKnownFileType = sourcecode.c.objc; path = MPOAuthURLResponse.m; sourceTree = "<group>"; };
		668AB4AC1447CE11008E90F3 /* MPURLRequestParameter.h */ = {isa = PBXFileReference; fileEncoding = 4; lastKnownFileType = sourcecode.c.h; path = MPURLRequestParameter.h; sourceTree = "<group>"; };
		668AB4AD1447CE11008E90F3 /* MPURLRequestParameter.m */ = {isa = PBXFileReference; fileEncoding = 4; lastKnownFileType = sourcecode.c.objc; path = MPURLRequestParameter.m; sourceTree = "<group>"; };
		668AB4AE1447CE11008E90F3 /* NSString+URLEscapingAdditions.h */ = {isa = PBXFileReference; fileEncoding = 4; lastKnownFileType = sourcecode.c.h; path = "NSString+URLEscapingAdditions.h"; sourceTree = "<group>"; };
		668AB4AF1447CE11008E90F3 /* NSString+URLEscapingAdditions.m */ = {isa = PBXFileReference; fileEncoding = 4; lastKnownFileType = sourcecode.c.objc; path = "NSString+URLEscapingAdditions.m"; sourceTree = "<group>"; };
		668AB4B01447CE11008E90F3 /* NSURL+MPURLParameterAdditions.h */ = {isa = PBXFileReference; fileEncoding = 4; lastKnownFileType = sourcecode.c.h; path = "NSURL+MPURLParameterAdditions.h"; sourceTree = "<group>"; };
		668AB4B11447CE11008E90F3 /* NSURL+MPURLParameterAdditions.m */ = {isa = PBXFileReference; fileEncoding = 4; lastKnownFileType = sourcecode.c.objc; path = "NSURL+MPURLParameterAdditions.m"; sourceTree = "<group>"; };
		668AB4B21447CE11008E90F3 /* NSURLResponse+Encoding.h */ = {isa = PBXFileReference; fileEncoding = 4; lastKnownFileType = sourcecode.c.h; path = "NSURLResponse+Encoding.h"; sourceTree = "<group>"; };
		668AB4B31447CE11008E90F3 /* NSURLResponse+Encoding.m */ = {isa = PBXFileReference; fileEncoding = 4; lastKnownFileType = sourcecode.c.objc; path = "NSURLResponse+Encoding.m"; sourceTree = "<group>"; };
		668AB4B41447CE11008E90F3 /* NSString+Dropbox.h */ = {isa = PBXFileReference; fileEncoding = 4; lastKnownFileType = sourcecode.c.h; path = "NSString+Dropbox.h"; sourceTree = "<group>"; };
		668AB4B51447CE11008E90F3 /* NSString+Dropbox.m */ = {isa = PBXFileReference; fileEncoding = 4; lastKnownFileType = sourcecode.c.objc; path = "NSString+Dropbox.m"; sourceTree = "<group>"; };
		668AB4B71447CE11008E90F3 /* db_background.png */ = {isa = PBXFileReference; lastKnownFileType = image.png; path = db_background.png; sourceTree = "<group>"; };
		668AB4B81447CE11008E90F3 /* db_create_account.png */ = {isa = PBXFileReference; lastKnownFileType = image.png; path = db_create_account.png; sourceTree = "<group>"; };
		668AB4B91447CE11008E90F3 /* db_create_account@2x.png */ = {isa = PBXFileReference; lastKnownFileType = image.png; path = "db_create_account@2x.png"; sourceTree = "<group>"; };
		668AB4BA1447CE11008E90F3 /* db_create_account_button.png */ = {isa = PBXFileReference; lastKnownFileType = image.png; path = db_create_account_button.png; sourceTree = "<group>"; };
		668AB4BB1447CE11008E90F3 /* db_create_account_button_down.png */ = {isa = PBXFileReference; lastKnownFileType = image.png; path = db_create_account_button_down.png; sourceTree = "<group>"; };
		668AB4BC1447CE11008E90F3 /* db_link_button.png */ = {isa = PBXFileReference; lastKnownFileType = image.png; path = db_link_button.png; sourceTree = "<group>"; };
		668AB4BD1447CE11008E90F3 /* db_link_button_down.png */ = {isa = PBXFileReference; lastKnownFileType = image.png; path = db_link_button_down.png; sourceTree = "<group>"; };
		668AB4BE1447CE11008E90F3 /* db_link_header.png */ = {isa = PBXFileReference; lastKnownFileType = image.png; path = db_link_header.png; sourceTree = "<group>"; };
		668AB4BF1447CE11008E90F3 /* db_link_header@2x.png */ = {isa = PBXFileReference; lastKnownFileType = image.png; path = "db_link_header@2x.png"; sourceTree = "<group>"; };
		668AB4C01447CE11008E90F3 /* db_logo.png */ = {isa = PBXFileReference; lastKnownFileType = image.png; path = db_logo.png; sourceTree = "<group>"; };
		668AB4C11447CE11008E90F3 /* db_logo@2x.png */ = {isa = PBXFileReference; lastKnownFileType = image.png; path = "db_logo@2x.png"; sourceTree = "<group>"; };
		66A15424144D40D800A9031B /* Soundboard.h */ = {isa = PBXFileReference; fileEncoding = 4; lastKnownFileType = sourcecode.c.h; path = Soundboard.h; sourceTree = "<group>"; };
		66A15425144D40D800A9031B /* Soundboard.m */ = {isa = PBXFileReference; fileEncoding = 4; lastKnownFileType = sourcecode.c.objc; path = Soundboard.m; sourceTree = "<group>"; };
		7005E460144D453E00E5D6DC /* debug_0.png */ = {isa = PBXFileReference; lastKnownFileType = image.png; path = debug_0.png; sourceTree = "<group>"; };
		7005E461144D453E00E5D6DC /* debug_1.m4a */ = {isa = PBXFileReference; lastKnownFileType = file; path = debug_1.m4a; sourceTree = "<group>"; };
		7005E462144D453E00E5D6DC /* debug_1.png */ = {isa = PBXFileReference; lastKnownFileType = image.png; path = debug_1.png; sourceTree = "<group>"; };
		7005E463144D453E00E5D6DC /* debug_2.caf */ = {isa = PBXFileReference; lastKnownFileType = file; path = debug_2.caf; sourceTree = "<group>"; };
		7005E464144D453E00E5D6DC /* debug_2.png */ = {isa = PBXFileReference; lastKnownFileType = image.png; path = debug_2.png; sourceTree = "<group>"; };
		7005E465144D453E00E5D6DC /* debug_3.png */ = {isa = PBXFileReference; lastKnownFileType = image.png; path = debug_3.png; sourceTree = "<group>"; };
		7005E466144D453E00E5D6DC /* debug_3.wav */ = {isa = PBXFileReference; lastKnownFileType = audio.wav; path = debug_3.wav; sourceTree = "<group>"; };
		7005E467144D453E00E5D6DC /* debug_4.png */ = {isa = PBXFileReference; lastKnownFileType = image.png; path = debug_4.png; sourceTree = "<group>"; };
		7005E468144D453E00E5D6DC /* debug_4.wav */ = {isa = PBXFileReference; lastKnownFileType = audio.wav; path = debug_4.wav; sourceTree = "<group>"; };
		7005E469144D453E00E5D6DC /* debug_5.png */ = {isa = PBXFileReference; lastKnownFileType = image.png; path = debug_5.png; sourceTree = "<group>"; };
		7005E46A144D453E00E5D6DC /* debug_5.wav */ = {isa = PBXFileReference; lastKnownFileType = audio.wav; path = debug_5.wav; sourceTree = "<group>"; };
		7005E46B144D453E00E5D6DC /* debug_6.png */ = {isa = PBXFileReference; lastKnownFileType = image.png; path = debug_6.png; sourceTree = "<group>"; };
		7005E46C144D453E00E5D6DC /* debug_6.wav */ = {isa = PBXFileReference; lastKnownFileType = audio.wav; path = debug_6.wav; sourceTree = "<group>"; };
		7005E46D144D453E00E5D6DC /* debug_7.png */ = {isa = PBXFileReference; lastKnownFileType = image.png; path = debug_7.png; sourceTree = "<group>"; };
		7005E46E144D453E00E5D6DC /* debug_7.wav */ = {isa = PBXFileReference; lastKnownFileType = audio.wav; path = debug_7.wav; sourceTree = "<group>"; };
		7005E46F144D453E00E5D6DC /* debug_8.png */ = {isa = PBXFileReference; lastKnownFileType = image.png; path = debug_8.png; sourceTree = "<group>"; };
		7005E480144D496100E5D6DC /* appIcon.png */ = {isa = PBXFileReference; lastKnownFileType = image.png; path = appIcon.png; sourceTree = "<group>"; };
		7005E482144D497600E5D6DC /* Default.png */ = {isa = PBXFileReference; lastKnownFileType = image.png; path = Default.png; sourceTree = "<group>"; };
		7005E484144D4D7C00E5D6DC /* appIcon_small.png */ = {isa = PBXFileReference; lastKnownFileType = image.png; path = appIcon_small.png; sourceTree = "<group>"; };
		70520DDF1442B5BB00B0426E /* HomeViewController.h */ = {isa = PBXFileReference; fileEncoding = 4; lastKnownFileType = sourcecode.c.h; path = HomeViewController.h; sourceTree = "<group>"; };
		70520DE01442B5BB00B0426E /* HomeViewController.m */ = {isa = PBXFileReference; fileEncoding = 4; lastKnownFileType = sourcecode.c.objc; path = HomeViewController.m; sourceTree = "<group>"; };
		70520DE21442B73F00B0426E /* BoardViewController.h */ = {isa = PBXFileReference; fileEncoding = 4; lastKnownFileType = sourcecode.c.h; path = BoardViewController.h; sourceTree = "<group>"; };
		70520DE31442B73F00B0426E /* BoardViewController.m */ = {isa = PBXFileReference; fileEncoding = 4; lastKnownFileType = sourcecode.c.objc; path = BoardViewController.m; sourceTree = "<group>"; };
		70520DEF1442DEAD00B0426E /* AudioToolbox.framework */ = {isa = PBXFileReference; lastKnownFileType = wrapper.framework; name = AudioToolbox.framework; path = System/Library/Frameworks/AudioToolbox.framework; sourceTree = SDKROOT; };
		70520DF81442E6DB00B0426E /* AVFoundation.framework */ = {isa = PBXFileReference; lastKnownFileType = wrapper.framework; name = AVFoundation.framework; path = System/Library/Frameworks/AVFoundation.framework; sourceTree = SDKROOT; };
		70834A0B1442B374005EA445 /* Soundboard.app */ = {isa = PBXFileReference; explicitFileType = wrapper.application; includeInIndex = 0; path = Soundboard.app; sourceTree = BUILT_PRODUCTS_DIR; };
		70834A0F1442B374005EA445 /* UIKit.framework */ = {isa = PBXFileReference; lastKnownFileType = wrapper.framework; name = UIKit.framework; path = System/Library/Frameworks/UIKit.framework; sourceTree = SDKROOT; };
		70834A111442B374005EA445 /* Foundation.framework */ = {isa = PBXFileReference; lastKnownFileType = wrapper.framework; name = Foundation.framework; path = System/Library/Frameworks/Foundation.framework; sourceTree = SDKROOT; };
		70834A131442B374005EA445 /* CoreGraphics.framework */ = {isa = PBXFileReference; lastKnownFileType = wrapper.framework; name = CoreGraphics.framework; path = System/Library/Frameworks/CoreGraphics.framework; sourceTree = SDKROOT; };
		70834A171442B374005EA445 /* Soundboard-Info.plist */ = {isa = PBXFileReference; lastKnownFileType = text.plist.xml; path = "Soundboard-Info.plist"; sourceTree = "<group>"; };
		70834A191442B374005EA445 /* en */ = {isa = PBXFileReference; lastKnownFileType = text.plist.strings; name = en; path = en.lproj/InfoPlist.strings; sourceTree = "<group>"; };
		70834A1B1442B374005EA445 /* main.m */ = {isa = PBXFileReference; lastKnownFileType = sourcecode.c.objc; path = main.m; sourceTree = "<group>"; };
		70834A1D1442B374005EA445 /* Soundboard-Prefix.pch */ = {isa = PBXFileReference; lastKnownFileType = sourcecode.c.h; path = "Soundboard-Prefix.pch"; sourceTree = "<group>"; };
		70834A1E1442B374005EA445 /* AppDelegate.h */ = {isa = PBXFileReference; lastKnownFileType = sourcecode.c.h; path = AppDelegate.h; sourceTree = "<group>"; };
		70834A1F1442B374005EA445 /* AppDelegate.m */ = {isa = PBXFileReference; lastKnownFileType = sourcecode.c.objc; path = AppDelegate.m; sourceTree = "<group>"; };
		70834A261442B374005EA445 /* SoundboardTests.octest */ = {isa = PBXFileReference; explicitFileType = wrapper.cfbundle; includeInIndex = 0; path = SoundboardTests.octest; sourceTree = BUILT_PRODUCTS_DIR; };
		70834A271442B374005EA445 /* SenTestingKit.framework */ = {isa = PBXFileReference; lastKnownFileType = wrapper.framework; name = SenTestingKit.framework; path = Library/Frameworks/SenTestingKit.framework; sourceTree = DEVELOPER_DIR; };
		70834A2F1442B374005EA445 /* SoundboardTests-Info.plist */ = {isa = PBXFileReference; lastKnownFileType = text.plist.xml; path = "SoundboardTests-Info.plist"; sourceTree = "<group>"; };
		70834A311442B374005EA445 /* en */ = {isa = PBXFileReference; lastKnownFileType = text.plist.strings; name = en; path = en.lproj/InfoPlist.strings; sourceTree = "<group>"; };
		70834A331442B374005EA445 /* SoundboardTests.h */ = {isa = PBXFileReference; lastKnownFileType = sourcecode.c.h; path = SoundboardTests.h; sourceTree = "<group>"; };
		70834A341442B374005EA445 /* SoundboardTests.m */ = {isa = PBXFileReference; lastKnownFileType = sourcecode.c.objc; path = SoundboardTests.m; sourceTree = "<group>"; };
		70834A3E1442B3BB005EA445 /* Storyboard.storyboard */ = {isa = PBXFileReference; fileEncoding = 4; lastKnownFileType = file.storyboard; name = Storyboard.storyboard; path = ../Storyboard.storyboard; sourceTree = "<group>"; };
		70834A401442B3F6005EA445 /* iAd.framework */ = {isa = PBXFileReference; lastKnownFileType = wrapper.framework; name = iAd.framework; path = System/Library/Frameworks/iAd.framework; sourceTree = SDKROOT; };
		70834A421442B3FA005EA445 /* CoreAudio.framework */ = {isa = PBXFileReference; lastKnownFileType = wrapper.framework; name = CoreAudio.framework; path = System/Library/Frameworks/CoreAudio.framework; sourceTree = SDKROOT; };
/* End PBXFileReference section */

/* Begin PBXFrameworksBuildPhase section */
		70834A081442B374005EA445 /* Frameworks */ = {
			isa = PBXFrameworksBuildPhase;
			buildActionMask = 2147483647;
			files = (
				668AB3E11447A0EA008E90F3 /* Security.framework in Frameworks */,
				70520DF91442E6DC00B0426E /* AVFoundation.framework in Frameworks */,
				70520DF01442DEAD00B0426E /* AudioToolbox.framework in Frameworks */,
				70834A431442B3FA005EA445 /* CoreAudio.framework in Frameworks */,
				70834A411442B3F6005EA445 /* iAd.framework in Frameworks */,
				70834A101442B374005EA445 /* UIKit.framework in Frameworks */,
				70834A121442B374005EA445 /* Foundation.framework in Frameworks */,
				70834A141442B374005EA445 /* CoreGraphics.framework in Frameworks */,
			);
			runOnlyForDeploymentPostprocessing = 0;
		};
		70834A221442B374005EA445 /* Frameworks */ = {
			isa = PBXFrameworksBuildPhase;
			buildActionMask = 2147483647;
			files = (
				70834A281442B374005EA445 /* SenTestingKit.framework in Frameworks */,
				70834A291442B374005EA445 /* UIKit.framework in Frameworks */,
				70834A2A1442B374005EA445 /* Foundation.framework in Frameworks */,
			);
			runOnlyForDeploymentPostprocessing = 0;
		};
/* End PBXFrameworksBuildPhase section */

/* Begin PBXGroup section */
		668AB4691447CE11008E90F3 /* DropboxSDK */ = {
			isa = PBXGroup;
			children = (
				668AB46A1447CE11008E90F3 /* DBAccountInfo.h */,
				668AB46B1447CE11008E90F3 /* DBAccountInfo.m */,
				668AB46C1447CE11008E90F3 /* DBCreateAccountController.h */,
				668AB46D1447CE11008E90F3 /* DBCreateAccountController.m */,
				668AB46E1447CE11008E90F3 /* DBError.h */,
				668AB46F1447CE11008E90F3 /* DBError.m */,
				668AB4701447CE11008E90F3 /* DBLinkButton.h */,
				668AB4711447CE11008E90F3 /* DBLinkButton.m */,
				668AB4721447CE11008E90F3 /* DBLoadingView.h */,
				668AB4731447CE11008E90F3 /* DBLoadingView.m */,
				668AB4741447CE11008E90F3 /* DBLoginController.h */,
				668AB4751447CE11008E90F3 /* DBLoginController.m */,
				668AB4761447CE11008E90F3 /* DBMetadata.h */,
				668AB4771447CE11008E90F3 /* DBMetadata.m */,
				668AB4781447CE11008E90F3 /* DBQuota.h */,
				668AB4791447CE11008E90F3 /* DBQuota.m */,
				668AB47A1447CE11008E90F3 /* DBRequest.h */,
				668AB47B1447CE11008E90F3 /* DBRequest.m */,
				668AB47C1447CE11008E90F3 /* DBRestClient.h */,
				668AB47D1447CE11008E90F3 /* DBRestClient.m */,
				668AB47E1447CE11008E90F3 /* DBSession.h */,
				668AB47F1447CE11008E90F3 /* DBSession.m */,
				668AB4801447CE11008E90F3 /* DropboxSDK.h */,
				668AB4811447CE11008E90F3 /* JSON */,
				668AB48F1447CE11008E90F3 /* MPOAuth */,
				668AB4B41447CE11008E90F3 /* NSString+Dropbox.h */,
				668AB4B51447CE11008E90F3 /* NSString+Dropbox.m */,
				668AB4B61447CE11008E90F3 /* Resources */,
			);
			path = DropboxSDK;
			sourceTree = "<group>";
		};
		668AB4811447CE11008E90F3 /* JSON */ = {
			isa = PBXGroup;
			children = (
				668AB4821447CE11008E90F3 /* JSON.h */,
				668AB4831447CE11008E90F3 /* NSObject+SBJSON.h */,
				668AB4841447CE11008E90F3 /* NSObject+SBJSON.m */,
				668AB4851447CE11008E90F3 /* NSString+SBJSON.h */,
				668AB4861447CE11008E90F3 /* NSString+SBJSON.m */,
				668AB4871447CE11008E90F3 /* SBJSON.h */,
				668AB4881447CE11008E90F3 /* SBJSON.m */,
				668AB4891447CE11008E90F3 /* SBJsonBase.h */,
				668AB48A1447CE11008E90F3 /* SBJsonBase.m */,
				668AB48B1447CE11008E90F3 /* SBJsonParser.h */,
				668AB48C1447CE11008E90F3 /* SBJsonParser.m */,
				668AB48D1447CE11008E90F3 /* SBJsonWriter.h */,
				668AB48E1447CE11008E90F3 /* SBJsonWriter.m */,
			);
			path = JSON;
			sourceTree = "<group>";
		};
		668AB48F1447CE11008E90F3 /* MPOAuth */ = {
			isa = PBXGroup;
			children = (
				668AB4901447CE11008E90F3 /* Crypto */,
				668AB4931447CE11008E90F3 /* MPDebug.h */,
				668AB4941447CE11008E90F3 /* MPOAuth.h */,
				668AB4951447CE11008E90F3 /* MPOAuthAPI.h */,
				668AB4961447CE11008E90F3 /* MPOAuthAPI.m */,
				668AB4971447CE11008E90F3 /* MPOAuthAPIRequestLoader.h */,
				668AB4981447CE11008E90F3 /* MPOAuthAPIRequestLoader.m */,
				668AB4991447CE11008E90F3 /* MPOAuthAuthenticationMethod.h */,
				668AB49A1447CE11008E90F3 /* MPOAuthAuthenticationMethod.m */,
				668AB49B1447CE11008E90F3 /* MPOAuthAuthenticationMethodOAuth.h */,
				668AB49C1447CE11008E90F3 /* MPOAuthAuthenticationMethodOAuth.m */,
				668AB49D1447CE11008E90F3 /* MPOAuthConnection.h */,
				668AB49E1447CE11008E90F3 /* MPOAuthConnection.m */,
				668AB49F1447CE11008E90F3 /* MPOAuthCredentiaIConcreteStore+KeychainAdditionsMac.m */,
				668AB4A01447CE11008E90F3 /* MPOAuthCredentialConcreteStore+KeychainAdditions.h */,
				668AB4A11447CE11008E90F3 /* MPOAuthCredentialConcreteStore+KeychainAdditionsiPhone.m */,
				668AB4A21447CE11008E90F3 /* MPOAuthCredentialConcreteStore.h */,
				668AB4A31447CE11008E90F3 /* MPOAuthCredentialConcreteStore.m */,
				668AB4A41447CE11008E90F3 /* MPOAuthCredentialStore.h */,
				668AB4A51447CE11008E90F3 /* MPOAuthParameterFactory.h */,
				668AB4A61447CE11008E90F3 /* MPOAuthSignatureParameter.h */,
				668AB4A71447CE11008E90F3 /* MPOAuthSignatureParameter.m */,
				668AB4A81447CE11008E90F3 /* MPOAuthURLRequest.h */,
				668AB4A91447CE11008E90F3 /* MPOAuthURLRequest.m */,
				668AB4AA1447CE11008E90F3 /* MPOAuthURLResponse.h */,
				668AB4AB1447CE11008E90F3 /* MPOAuthURLResponse.m */,
				668AB4AC1447CE11008E90F3 /* MPURLRequestParameter.h */,
				668AB4AD1447CE11008E90F3 /* MPURLRequestParameter.m */,
				668AB4AE1447CE11008E90F3 /* NSString+URLEscapingAdditions.h */,
				668AB4AF1447CE11008E90F3 /* NSString+URLEscapingAdditions.m */,
				668AB4B01447CE11008E90F3 /* NSURL+MPURLParameterAdditions.h */,
				668AB4B11447CE11008E90F3 /* NSURL+MPURLParameterAdditions.m */,
				668AB4B21447CE11008E90F3 /* NSURLResponse+Encoding.h */,
				668AB4B31447CE11008E90F3 /* NSURLResponse+Encoding.m */,
			);
			path = MPOAuth;
			sourceTree = "<group>";
		};
		668AB4901447CE11008E90F3 /* Crypto */ = {
			isa = PBXGroup;
			children = (
				668AB4911447CE11008E90F3 /* Base64Transcoder.c */,
				668AB4921447CE11008E90F3 /* Base64Transcoder.h */,
			);
			path = Crypto;
			sourceTree = "<group>";
		};
		668AB4B61447CE11008E90F3 /* Resources */ = {
			isa = PBXGroup;
			children = (
				668AB4B71447CE11008E90F3 /* db_background.png */,
				668AB4B81447CE11008E90F3 /* db_create_account.png */,
				668AB4B91447CE11008E90F3 /* db_create_account@2x.png */,
				668AB4BA1447CE11008E90F3 /* db_create_account_button.png */,
				668AB4BB1447CE11008E90F3 /* db_create_account_button_down.png */,
				668AB4BC1447CE11008E90F3 /* db_link_button.png */,
				668AB4BD1447CE11008E90F3 /* db_link_button_down.png */,
				668AB4BE1447CE11008E90F3 /* db_link_header.png */,
				668AB4BF1447CE11008E90F3 /* db_link_header@2x.png */,
				668AB4C01447CE11008E90F3 /* db_logo.png */,
				668AB4C11447CE11008E90F3 /* db_logo@2x.png */,
			);
			path = Resources;
			sourceTree = "<group>";
		};
		70520DF51442E17A00B0426E /* Resources */ = {
			isa = PBXGroup;
			children = (
				7005E480144D496100E5D6DC /* appIcon.png */,
				7005E484144D4D7C00E5D6DC /* appIcon_small.png */,
				7005E482144D497600E5D6DC /* Default.png */,
				7005E460144D453E00E5D6DC /* debug_0.png */,
				7005E461144D453E00E5D6DC /* debug_1.m4a */,
				7005E462144D453E00E5D6DC /* debug_1.png */,
				7005E463144D453E00E5D6DC /* debug_2.caf */,
				7005E464144D453E00E5D6DC /* debug_2.png */,
				7005E465144D453E00E5D6DC /* debug_3.png */,
				7005E466144D453E00E5D6DC /* debug_3.wav */,
				7005E467144D453E00E5D6DC /* debug_4.png */,
				7005E468144D453E00E5D6DC /* debug_4.wav */,
				7005E469144D453E00E5D6DC /* debug_5.png */,
				7005E46A144D453E00E5D6DC /* debug_5.wav */,
				7005E46B144D453E00E5D6DC /* debug_6.png */,
				7005E46C144D453E00E5D6DC /* debug_6.wav */,
				7005E46D144D453E00E5D6DC /* debug_7.png */,
				7005E46E144D453E00E5D6DC /* debug_7.wav */,
				7005E46F144D453E00E5D6DC /* debug_8.png */,
			);
			name = Resources;
			sourceTree = "<group>";
		};
		70834A001442B373005EA445 = {
			isa = PBXGroup;
			children = (
				668AB4691447CE11008E90F3 /* DropboxSDK */,
				70834A151442B374005EA445 /* Soundboard */,
				70834A2D1442B374005EA445 /* SoundboardTests */,
				70834A0E1442B374005EA445 /* Frameworks */,
				70834A0C1442B374005EA445 /* Products */,
				70520DF51442E17A00B0426E /* Resources */,
			);
			sourceTree = "<group>";
		};
		70834A0C1442B374005EA445 /* Products */ = {
			isa = PBXGroup;
			children = (
				70834A0B1442B374005EA445 /* Soundboard.app */,
				70834A261442B374005EA445 /* SoundboardTests.octest */,
			);
			name = Products;
			sourceTree = "<group>";
		};
		70834A0E1442B374005EA445 /* Frameworks */ = {
			isa = PBXGroup;
			children = (
				668AB3E01447A0EA008E90F3 /* Security.framework */,
				70520DF81442E6DB00B0426E /* AVFoundation.framework */,
				70520DEF1442DEAD00B0426E /* AudioToolbox.framework */,
				70834A421442B3FA005EA445 /* CoreAudio.framework */,
				70834A401442B3F6005EA445 /* iAd.framework */,
				70834A0F1442B374005EA445 /* UIKit.framework */,
				70834A111442B374005EA445 /* Foundation.framework */,
				70834A131442B374005EA445 /* CoreGraphics.framework */,
				70834A271442B374005EA445 /* SenTestingKit.framework */,
			);
			name = Frameworks;
			sourceTree = "<group>";
		};
		70834A151442B374005EA445 /* Soundboard */ = {
			isa = PBXGroup;
			children = (
				66A15424144D40D800A9031B /* Soundboard.h */,
				66A15425144D40D800A9031B /* Soundboard.m */,
				70834A3E1442B3BB005EA445 /* Storyboard.storyboard */,
				70520DE21442B73F00B0426E /* BoardViewController.h */,
				70520DE31442B73F00B0426E /* BoardViewController.m */,
				70520DDF1442B5BB00B0426E /* HomeViewController.h */,
				70520DE01442B5BB00B0426E /* HomeViewController.m */,
				70834A1E1442B374005EA445 /* AppDelegate.h */,
				70834A1F1442B374005EA445 /* AppDelegate.m */,
				70834A161442B374005EA445 /* Supporting Files */,
			);
			path = Soundboard;
			sourceTree = "<group>";
		};
		70834A161442B374005EA445 /* Supporting Files */ = {
			isa = PBXGroup;
			children = (
				70834A171442B374005EA445 /* Soundboard-Info.plist */,
				70834A181442B374005EA445 /* InfoPlist.strings */,
				70834A1B1442B374005EA445 /* main.m */,
				70834A1D1442B374005EA445 /* Soundboard-Prefix.pch */,
			);
			name = "Supporting Files";
			sourceTree = "<group>";
		};
		70834A2D1442B374005EA445 /* SoundboardTests */ = {
			isa = PBXGroup;
			children = (
				70834A331442B374005EA445 /* SoundboardTests.h */,
				70834A341442B374005EA445 /* SoundboardTests.m */,
				70834A2E1442B374005EA445 /* Supporting Files */,
			);
			path = SoundboardTests;
			sourceTree = "<group>";
		};
		70834A2E1442B374005EA445 /* Supporting Files */ = {
			isa = PBXGroup;
			children = (
				70834A2F1442B374005EA445 /* SoundboardTests-Info.plist */,
				70834A301442B374005EA445 /* InfoPlist.strings */,
			);
			name = "Supporting Files";
			sourceTree = "<group>";
		};
/* End PBXGroup section */

/* Begin PBXNativeTarget section */
		70834A0A1442B374005EA445 /* Soundboard */ = {
			isa = PBXNativeTarget;
			buildConfigurationList = 70834A381442B374005EA445 /* Build configuration list for PBXNativeTarget "Soundboard" */;
			buildPhases = (
				70834A071442B374005EA445 /* Sources */,
				70834A081442B374005EA445 /* Frameworks */,
				70834A091442B374005EA445 /* Resources */,
			);
			buildRules = (
			);
			dependencies = (
			);
			name = Soundboard;
			productName = Soundboard;
			productReference = 70834A0B1442B374005EA445 /* Soundboard.app */;
			productType = "com.apple.product-type.application";
		};
		70834A251442B374005EA445 /* SoundboardTests */ = {
			isa = PBXNativeTarget;
			buildConfigurationList = 70834A3B1442B374005EA445 /* Build configuration list for PBXNativeTarget "SoundboardTests" */;
			buildPhases = (
				70834A211442B374005EA445 /* Sources */,
				70834A221442B374005EA445 /* Frameworks */,
				70834A231442B374005EA445 /* Resources */,
				70834A241442B374005EA445 /* ShellScript */,
			);
			buildRules = (
			);
			dependencies = (
				70834A2C1442B374005EA445 /* PBXTargetDependency */,
			);
			name = SoundboardTests;
			productName = SoundboardTests;
			productReference = 70834A261442B374005EA445 /* SoundboardTests.octest */;
			productType = "com.apple.product-type.bundle";
		};
/* End PBXNativeTarget section */

/* Begin PBXProject section */
		70834A021442B373005EA445 /* Project object */ = {
			isa = PBXProject;
			attributes = {
				LastUpgradeCheck = 0420;
			};
			buildConfigurationList = 70834A051442B373005EA445 /* Build configuration list for PBXProject "Soundboard" */;
			compatibilityVersion = "Xcode 3.2";
			developmentRegion = English;
			hasScannedForEncodings = 0;
			knownRegions = (
				en,
			);
			mainGroup = 70834A001442B373005EA445;
			productRefGroup = 70834A0C1442B374005EA445 /* Products */;
			projectDirPath = "";
			projectRoot = "";
			targets = (
				70834A0A1442B374005EA445 /* Soundboard */,
				70834A251442B374005EA445 /* SoundboardTests */,
			);
		};
/* End PBXProject section */

/* Begin PBXResourcesBuildPhase section */
		70834A091442B374005EA445 /* Resources */ = {
			isa = PBXResourcesBuildPhase;
			buildActionMask = 2147483647;
			files = (
				70834A1A1442B374005EA445 /* InfoPlist.strings in Resources */,
				70834A3F1442B3BB005EA445 /* Storyboard.storyboard in Resources */,
				668AB4E41447CE11008E90F3 /* db_background.png in Resources */,
				668AB4E51447CE11008E90F3 /* db_create_account.png in Resources */,
				668AB4E61447CE11008E90F3 /* db_create_account@2x.png in Resources */,
				668AB4E71447CE11008E90F3 /* db_create_account_button.png in Resources */,
				668AB4E81447CE11008E90F3 /* db_create_account_button_down.png in Resources */,
				668AB4E91447CE11008E90F3 /* db_link_button.png in Resources */,
				668AB4EA1447CE11008E90F3 /* db_link_button_down.png in Resources */,
				668AB4EB1447CE11008E90F3 /* db_link_header.png in Resources */,
				668AB4EC1447CE11008E90F3 /* db_link_header@2x.png in Resources */,
				668AB4ED1447CE11008E90F3 /* db_logo.png in Resources */,
				668AB4EE1447CE11008E90F3 /* db_logo@2x.png in Resources */,
				7005E470144D453E00E5D6DC /* debug_0.png in Resources */,
				7005E471144D453E00E5D6DC /* debug_1.m4a in Resources */,
				7005E472144D453E00E5D6DC /* debug_1.png in Resources */,
				7005E473144D453E00E5D6DC /* debug_2.caf in Resources */,
				7005E474144D453E00E5D6DC /* debug_2.png in Resources */,
				7005E475144D453E00E5D6DC /* debug_3.png in Resources */,
				7005E476144D453E00E5D6DC /* debug_3.wav in Resources */,
				7005E477144D453E00E5D6DC /* debug_4.png in Resources */,
				7005E478144D453E00E5D6DC /* debug_4.wav in Resources */,
				7005E479144D453E00E5D6DC /* debug_5.png in Resources */,
				7005E47A144D453E00E5D6DC /* debug_5.wav in Resources */,
				7005E47B144D453E00E5D6DC /* debug_6.png in Resources */,
				7005E47C144D453E00E5D6DC /* debug_6.wav in Resources */,
				7005E47D144D453E00E5D6DC /* debug_7.png in Resources */,
				7005E47E144D453E00E5D6DC /* debug_7.wav in Resources */,
				7005E47F144D453E00E5D6DC /* debug_8.png in Resources */,
				7005E481144D496100E5D6DC /* appIcon.png in Resources */,
				7005E483144D497600E5D6DC /* Default.png in Resources */,
				7005E485144D4D7C00E5D6DC /* appIcon_small.png in Resources */,
			);
			runOnlyForDeploymentPostprocessing = 0;
		};
		70834A231442B374005EA445 /* Resources */ = {
			isa = PBXResourcesBuildPhase;
			buildActionMask = 2147483647;
			files = (
				70834A321442B374005EA445 /* InfoPlist.strings in Resources */,
			);
			runOnlyForDeploymentPostprocessing = 0;
		};
/* End PBXResourcesBuildPhase section */

/* Begin PBXShellScriptBuildPhase section */
		70834A241442B374005EA445 /* ShellScript */ = {
			isa = PBXShellScriptBuildPhase;
			buildActionMask = 2147483647;
			files = (
			);
			inputPaths = (
			);
			outputPaths = (
			);
			runOnlyForDeploymentPostprocessing = 0;
			shellPath = /bin/sh;
			shellScript = "# Run the unit tests in this test bundle.\n\"${SYSTEM_DEVELOPER_DIR}/Tools/RunUnitTests\"\n";
		};
/* End PBXShellScriptBuildPhase section */

/* Begin PBXSourcesBuildPhase section */
		70834A071442B374005EA445 /* Sources */ = {
			isa = PBXSourcesBuildPhase;
			buildActionMask = 2147483647;
			files = (
				70834A1C1442B374005EA445 /* main.m in Sources */,
				70834A201442B374005EA445 /* AppDelegate.m in Sources */,
				70520DE11442B5BB00B0426E /* HomeViewController.m in Sources */,
				70520DE41442B73F00B0426E /* BoardViewController.m in Sources */,
				668AB4C21447CE11008E90F3 /* DBAccountInfo.m in Sources */,
				668AB4C31447CE11008E90F3 /* DBCreateAccountController.m in Sources */,
				668AB4C41447CE11008E90F3 /* DBError.m in Sources */,
				668AB4C51447CE11008E90F3 /* DBLinkButton.m in Sources */,
				668AB4C61447CE11008E90F3 /* DBLoadingView.m in Sources */,
				668AB4C71447CE11008E90F3 /* DBLoginController.m in Sources */,
				668AB4C81447CE11008E90F3 /* DBMetadata.m in Sources */,
				668AB4C91447CE11008E90F3 /* DBQuota.m in Sources */,
				668AB4CA1447CE11008E90F3 /* DBRequest.m in Sources */,
				668AB4CB1447CE11008E90F3 /* DBRestClient.m in Sources */,
				668AB4CC1447CE11008E90F3 /* DBSession.m in Sources */,
				668AB4CD1447CE11008E90F3 /* NSObject+SBJSON.m in Sources */,
				668AB4CE1447CE11008E90F3 /* NSString+SBJSON.m in Sources */,
				668AB4CF1447CE11008E90F3 /* SBJSON.m in Sources */,
				668AB4D01447CE11008E90F3 /* SBJsonBase.m in Sources */,
				668AB4D11447CE11008E90F3 /* SBJsonParser.m in Sources */,
				668AB4D21447CE11008E90F3 /* SBJsonWriter.m in Sources */,
				668AB4D31447CE11008E90F3 /* Base64Transcoder.c in Sources */,
				668AB4D41447CE11008E90F3 /* MPOAuthAPI.m in Sources */,
				668AB4D51447CE11008E90F3 /* MPOAuthAPIRequestLoader.m in Sources */,
				668AB4D61447CE11008E90F3 /* MPOAuthAuthenticationMethod.m in Sources */,
				668AB4D71447CE11008E90F3 /* MPOAuthAuthenticationMethodOAuth.m in Sources */,
				668AB4D81447CE11008E90F3 /* MPOAuthConnection.m in Sources */,
				668AB4D91447CE11008E90F3 /* MPOAuthCredentiaIConcreteStore+KeychainAdditionsMac.m in Sources */,
				668AB4DA1447CE11008E90F3 /* MPOAuthCredentialConcreteStore+KeychainAdditionsiPhone.m in Sources */,
				668AB4DB1447CE11008E90F3 /* MPOAuthCredentialConcreteStore.m in Sources */,
				668AB4DC1447CE11008E90F3 /* MPOAuthSignatureParameter.m in Sources */,
				668AB4DD1447CE11008E90F3 /* MPOAuthURLRequest.m in Sources */,
				668AB4DE1447CE11008E90F3 /* MPOAuthURLResponse.m in Sources */,
				668AB4DF1447CE11008E90F3 /* MPURLRequestParameter.m in Sources */,
				668AB4E01447CE11008E90F3 /* NSString+URLEscapingAdditions.m in Sources */,
				668AB4E11447CE11008E90F3 /* NSURL+MPURLParameterAdditions.m in Sources */,
				668AB4E21447CE11008E90F3 /* NSURLResponse+Encoding.m in Sources */,
				668AB4E31447CE11008E90F3 /* NSString+Dropbox.m in Sources */,
				66A15426144D40D800A9031B /* Soundboard.m in Sources */,
			);
			runOnlyForDeploymentPostprocessing = 0;
		};
		70834A211442B374005EA445 /* Sources */ = {
			isa = PBXSourcesBuildPhase;
			buildActionMask = 2147483647;
			files = (
				70834A351442B374005EA445 /* SoundboardTests.m in Sources */,
			);
			runOnlyForDeploymentPostprocessing = 0;
		};
/* End PBXSourcesBuildPhase section */

/* Begin PBXTargetDependency section */
		70834A2C1442B374005EA445 /* PBXTargetDependency */ = {
			isa = PBXTargetDependency;
			target = 70834A0A1442B374005EA445 /* Soundboard */;
			targetProxy = 70834A2B1442B374005EA445 /* PBXContainerItemProxy */;
		};
/* End PBXTargetDependency section */

/* Begin PBXVariantGroup section */
		70834A181442B374005EA445 /* InfoPlist.strings */ = {
			isa = PBXVariantGroup;
			children = (
				70834A191442B374005EA445 /* en */,
			);
			name = InfoPlist.strings;
			sourceTree = "<group>";
		};
		70834A301442B374005EA445 /* InfoPlist.strings */ = {
			isa = PBXVariantGroup;
			children = (
				70834A311442B374005EA445 /* en */,
			);
			name = InfoPlist.strings;
			sourceTree = "<group>";
		};
/* End PBXVariantGroup section */

/* Begin XCBuildConfiguration section */
		70834A361442B374005EA445 /* Debug */ = {
			isa = XCBuildConfiguration;
			buildSettings = {
				ALWAYS_SEARCH_USER_PATHS = NO;
				ARCHS = "$(ARCHS_STANDARD_32_BIT)";
				CLANG_ENABLE_OBJC_ARC = YES;
				"CODE_SIGN_IDENTITY[sdk=iphoneos*]" = "iPhone Developer";
				COPY_PHASE_STRIP = NO;
				GCC_C_LANGUAGE_STANDARD = gnu99;
				GCC_DYNAMIC_NO_PIC = NO;
				GCC_OPTIMIZATION_LEVEL = 0;
				GCC_PREPROCESSOR_DEFINITIONS = (
					"DEBUG=1",
					"$(inherited)",
				);
				GCC_SYMBOLS_PRIVATE_EXTERN = NO;
				GCC_VERSION = com.apple.compilers.llvm.clang.1_0;
				GCC_WARN_ABOUT_MISSING_PROTOTYPES = YES;
				GCC_WARN_ABOUT_RETURN_TYPE = YES;
				GCC_WARN_UNUSED_VARIABLE = YES;
				IPHONEOS_DEPLOYMENT_TARGET = 5.0;
				SDKROOT = iphoneos;
			};
			name = Debug;
		};
		70834A371442B374005EA445 /* Release */ = {
			isa = XCBuildConfiguration;
			buildSettings = {
				ALWAYS_SEARCH_USER_PATHS = NO;
				ARCHS = "$(ARCHS_STANDARD_32_BIT)";
				CLANG_ENABLE_OBJC_ARC = YES;
				"CODE_SIGN_IDENTITY[sdk=iphoneos*]" = "iPhone Developer";
				COPY_PHASE_STRIP = YES;
				GCC_C_LANGUAGE_STANDARD = gnu99;
				GCC_VERSION = com.apple.compilers.llvm.clang.1_0;
				GCC_WARN_ABOUT_MISSING_PROTOTYPES = YES;
				GCC_WARN_ABOUT_RETURN_TYPE = YES;
				GCC_WARN_UNUSED_VARIABLE = YES;
				IPHONEOS_DEPLOYMENT_TARGET = 5.0;
				OTHER_CFLAGS = "-DNS_BLOCK_ASSERTIONS=1";
				SDKROOT = iphoneos;
				VALIDATE_PRODUCT = YES;
			};
			name = Release;
		};
		70834A391442B374005EA445 /* Debug */ = {
			isa = XCBuildConfiguration;
			buildSettings = {
				GCC_PRECOMPILE_PREFIX_HEADER = YES;
				GCC_PREFIX_HEADER = "Soundboard/Soundboard-Prefix.pch";
				INFOPLIST_FILE = "Soundboard/Soundboard-Info.plist";
				PRODUCT_NAME = "$(TARGET_NAME)";
				TARGETED_DEVICE_FAMILY = 1;
				WRAPPER_EXTENSION = app;
			};
			name = Debug;
		};
		70834A3A1442B374005EA445 /* Release */ = {
			isa = XCBuildConfiguration;
			buildSettings = {
				GCC_PRECOMPILE_PREFIX_HEADER = YES;
				GCC_PREFIX_HEADER = "Soundboard/Soundboard-Prefix.pch";
				INFOPLIST_FILE = "Soundboard/Soundboard-Info.plist";
				PRODUCT_NAME = "$(TARGET_NAME)";
				TARGETED_DEVICE_FAMILY = 1;
				WRAPPER_EXTENSION = app;
			};
			name = Release;
		};
		70834A3C1442B374005EA445 /* Debug */ = {
			isa = XCBuildConfiguration;
			buildSettings = {
				BUNDLE_LOADER = "$(BUILT_PRODUCTS_DIR)/Soundboard.app/Soundboard";
				FRAMEWORK_SEARCH_PATHS = (
					"$(SDKROOT)/Developer/Library/Frameworks",
					"$(DEVELOPER_LIBRARY_DIR)/Frameworks",
				);
				GCC_PRECOMPILE_PREFIX_HEADER = YES;
				GCC_PREFIX_HEADER = "Soundboard/Soundboard-Prefix.pch";
				INFOPLIST_FILE = "SoundboardTests/SoundboardTests-Info.plist";
				PRODUCT_NAME = "$(TARGET_NAME)";
				TEST_HOST = "$(BUNDLE_LOADER)";
				WRAPPER_EXTENSION = octest;
			};
			name = Debug;
		};
		70834A3D1442B374005EA445 /* Release */ = {
			isa = XCBuildConfiguration;
			buildSettings = {
				BUNDLE_LOADER = "$(BUILT_PRODUCTS_DIR)/Soundboard.app/Soundboard";
				FRAMEWORK_SEARCH_PATHS = (
					"$(SDKROOT)/Developer/Library/Frameworks",
					"$(DEVELOPER_LIBRARY_DIR)/Frameworks",
				);
				GCC_PRECOMPILE_PREFIX_HEADER = YES;
				GCC_PREFIX_HEADER = "Soundboard/Soundboard-Prefix.pch";
				INFOPLIST_FILE = "SoundboardTests/SoundboardTests-Info.plist";
				PRODUCT_NAME = "$(TARGET_NAME)";
				TEST_HOST = "$(BUNDLE_LOADER)";
				WRAPPER_EXTENSION = octest;
			};
			name = Release;
		};
/* End XCBuildConfiguration section */

/* Begin XCConfigurationList section */
		70834A051442B373005EA445 /* Build configuration list for PBXProject "Soundboard" */ = {
			isa = XCConfigurationList;
			buildConfigurations = (
				70834A361442B374005EA445 /* Debug */,
				70834A371442B374005EA445 /* Release */,
			);
			defaultConfigurationIsVisible = 0;
			defaultConfigurationName = Release;
		};
		70834A381442B374005EA445 /* Build configuration list for PBXNativeTarget "Soundboard" */ = {
			isa = XCConfigurationList;
			buildConfigurations = (
				70834A391442B374005EA445 /* Debug */,
				70834A3A1442B374005EA445 /* Release */,
			);
			defaultConfigurationIsVisible = 0;
			defaultConfigurationName = Release;
		};
		70834A3B1442B374005EA445 /* Build configuration list for PBXNativeTarget "SoundboardTests" */ = {
			isa = XCConfigurationList;
			buildConfigurations = (
				70834A3C1442B374005EA445 /* Debug */,
				70834A3D1442B374005EA445 /* Release */,
			);
			defaultConfigurationIsVisible = 0;
			defaultConfigurationName = Release;
		};
/* End XCConfigurationList section */
	};
	rootObject = 70834A021442B373005EA445 /* Project object */;
}
